// !$*UTF8*$!
{
	archiveVersion = 1;
	classes = {
	};
	objectVersion = 48;
	objects = {

/* Begin PBXBuildFile section */
		623F1FDA1F79630400FBA285 /* UtilityFunctionsTests.swift in Sources */ = {isa = PBXBuildFile; fileRef = 623F1FD91F79630400FBA285 /* UtilityFunctionsTests.swift */; };
		62499E5C1F077D4800CC518B /* UtilityFunctions.swift in Sources */ = {isa = PBXBuildFile; fileRef = 62499E5B1F077D4800CC518B /* UtilityFunctions.swift */; };
		626F05C61F7A947500753621 /* UtilityFunctions.swift in Sources */ = {isa = PBXBuildFile; fileRef = 62499E5B1F077D4800CC518B /* UtilityFunctions.swift */; };
		626F05CB1F7A975A00753621 /* Beer.swift in Sources */ = {isa = PBXBuildFile; fileRef = 6282B34E1F7137CB00E1AD18 /* Beer.swift */; };
		626F05CC1F7A976000753621 /* BeerTableViewController.swift in Sources */ = {isa = PBXBuildFile; fileRef = 624BEB2A1EF71725008FF485 /* BeerTableViewController.swift */; };
		626F05CE1F7A977E00753621 /* Beer.swift in Sources */ = {isa = PBXBuildFile; fileRef = 6282B34E1F7137CB00E1AD18 /* Beer.swift */; };
		626F05CF1F7A982A00753621 /* BeerTableViewCell.swift in Sources */ = {isa = PBXBuildFile; fileRef = 624BEB281EF70CF6008FF485 /* BeerTableViewCell.swift */; };
		62932A7F1F6C1BA4001082B1 /* Bierjohann_logo_claim.png in Resources */ = {isa = PBXBuildFile; fileRef = 62932A7E1F6C1BA4001082B1 /* Bierjohann_logo_claim.png */; };
		62A933F41EF6E5430006934B /* AppDelegate.swift in Sources */ = {isa = PBXBuildFile; fileRef = 62A933F31EF6E5430006934B /* AppDelegate.swift */; };
		62A933F91EF6E5430006934B /* Main.storyboard in Resources */ = {isa = PBXBuildFile; fileRef = 62A933F71EF6E5430006934B /* Main.storyboard */; };
		62A933FB1EF6E5430006934B /* Assets.xcassets in Resources */ = {isa = PBXBuildFile; fileRef = 62A933FA1EF6E5430006934B /* Assets.xcassets */; };
		62A933FE1EF6E5430006934B /* LaunchScreen.storyboard in Resources */ = {isa = PBXBuildFile; fileRef = 62A933FC1EF6E5430006934B /* LaunchScreen.storyboard */; };
		62A934091EF6E5430006934B /* bierjohannTests.swift in Sources */ = {isa = PBXBuildFile; fileRef = 62A934081EF6E5430006934B /* bierjohannTests.swift */; };
		62A934141EF6E5430006934B /* bierjohannUITests.swift in Sources */ = {isa = PBXBuildFile; fileRef = 62A934131EF6E5430006934B /* bierjohannUITests.swift */; };
		62B91F3D1F6BDEA40077A288 /* Localizable.strings in Resources */ = {isa = PBXBuildFile; fileRef = 62B91F3F1F6BDEA40077A288 /* Localizable.strings */; };
		62D630A11F86883200E9087C /* Extensions.swift in Sources */ = {isa = PBXBuildFile; fileRef = 62D630A01F86883200E9087C /* Extensions.swift */; };
		62DE0F141F85028200EA4F29 /* graphql in Resources */ = {isa = PBXBuildFile; fileRef = 62DE0F131F85028200EA4F29 /* graphql */; };
/* End PBXBuildFile section */

/* Begin PBXContainerItemProxy section */
		62A934051EF6E5430006934B /* PBXContainerItemProxy */ = {
			isa = PBXContainerItemProxy;
			containerPortal = 62A933E81EF6E5420006934B /* Project object */;
			proxyType = 1;
			remoteGlobalIDString = 62A933EF1EF6E5420006934B;
			remoteInfo = bierjohann;
		};
		62A934101EF6E5430006934B /* PBXContainerItemProxy */ = {
			isa = PBXContainerItemProxy;
			containerPortal = 62A933E81EF6E5420006934B /* Project object */;
			proxyType = 1;
			remoteGlobalIDString = 62A933EF1EF6E5420006934B;
			remoteInfo = bierjohann;
		};
		62DE0F011F84FEB300EA4F29 /* PBXContainerItemProxy */ = {
			isa = PBXContainerItemProxy;
			containerPortal = 62DE0EF61F84FEB300EA4F29 /* Apollo.xcodeproj */;
			proxyType = 2;
			remoteGlobalIDString = 9FC750441D2A532C00458D91;
			remoteInfo = Apollo;
		};
		62DE0F031F84FEB300EA4F29 /* PBXContainerItemProxy */ = {
			isa = PBXContainerItemProxy;
			containerPortal = 62DE0EF61F84FEB300EA4F29 /* Apollo.xcodeproj */;
			proxyType = 2;
			remoteGlobalIDString = 9FC7504E1D2A532D00458D91;
			remoteInfo = ApolloTests;
		};
		62DE0F051F84FEB300EA4F29 /* PBXContainerItemProxy */ = {
			isa = PBXContainerItemProxy;
			containerPortal = 62DE0EF61F84FEB300EA4F29 /* Apollo.xcodeproj */;
			proxyType = 2;
			remoteGlobalIDString = 9FA6ABBC1EC0A988000017BE;
			remoteInfo = ApolloCacheDependentTests;
		};
		62DE0F071F84FEB300EA4F29 /* PBXContainerItemProxy */ = {
			isa = PBXContainerItemProxy;
			containerPortal = 62DE0EF61F84FEB300EA4F29 /* Apollo.xcodeproj */;
			proxyType = 2;
			remoteGlobalIDString = 9FC631331E6AE2080062707E;
			remoteInfo = ApolloPerformanceTests;
		};
		62DE0F091F84FEB300EA4F29 /* PBXContainerItemProxy */ = {
			isa = PBXContainerItemProxy;
			containerPortal = 62DE0EF61F84FEB300EA4F29 /* Apollo.xcodeproj */;
			proxyType = 2;
			remoteGlobalIDString = 9FCE2CFA1E6C213D00E34457;
			remoteInfo = StarWarsAPI;
		};
		62DE0F0B1F84FEB300EA4F29 /* PBXContainerItemProxy */ = {
			isa = PBXContainerItemProxy;
			containerPortal = 62DE0EF61F84FEB300EA4F29 /* Apollo.xcodeproj */;
			proxyType = 2;
			remoteGlobalIDString = 9FACA9C61F42E67200AE2DBD;
			remoteInfo = GitHubAPI;
		};
		62DE0F0D1F84FEB300EA4F29 /* PBXContainerItemProxy */ = {
			isa = PBXContainerItemProxy;
			containerPortal = 62DE0EF61F84FEB300EA4F29 /* Apollo.xcodeproj */;
			proxyType = 2;
			remoteGlobalIDString = 9FD637E11E6ACF88001EDBC8;
			remoteInfo = "TestHost iOS";
		};
		62DE0F0F1F84FEB300EA4F29 /* PBXContainerItemProxy */ = {
			isa = PBXContainerItemProxy;
			containerPortal = 62DE0EF61F84FEB300EA4F29 /* Apollo.xcodeproj */;
			proxyType = 2;
			remoteGlobalIDString = 9F8A95781EC0FC1200304A2D;
			remoteInfo = ApolloTestSupport;
		};
/* End PBXContainerItemProxy section */

/* Begin PBXFileReference section */
		623F1FD91F79630400FBA285 /* UtilityFunctionsTests.swift */ = {isa = PBXFileReference; lastKnownFileType = sourcecode.swift; path = UtilityFunctionsTests.swift; sourceTree = "<group>"; };
		62499E5B1F077D4800CC518B /* UtilityFunctions.swift */ = {isa = PBXFileReference; lastKnownFileType = sourcecode.swift; path = UtilityFunctions.swift; sourceTree = "<group>"; };
		624BEB281EF70CF6008FF485 /* BeerTableViewCell.swift */ = {isa = PBXFileReference; fileEncoding = 4; lastKnownFileType = sourcecode.swift; path = BeerTableViewCell.swift; sourceTree = "<group>"; };
		624BEB2A1EF71725008FF485 /* BeerTableViewController.swift */ = {isa = PBXFileReference; fileEncoding = 4; lastKnownFileType = sourcecode.swift; path = BeerTableViewController.swift; sourceTree = "<group>"; };
		6282B34E1F7137CB00E1AD18 /* Beer.swift */ = {isa = PBXFileReference; lastKnownFileType = sourcecode.swift; path = Beer.swift; sourceTree = "<group>"; };
		628F80A71F6DB00A0093BEE4 /* InfoTableViewController.swift */ = {isa = PBXFileReference; lastKnownFileType = sourcecode.swift; path = InfoTableViewController.swift; sourceTree = "<group>"; };
		629056BE1F6D3D4B00E66877 /* de */ = {isa = PBXFileReference; lastKnownFileType = text.plist.xml; name = de; path = de.lproj/Info.plist; sourceTree = "<group>"; };
		629056C91F6D3D4B00E66877 /* en */ = {isa = PBXFileReference; lastKnownFileType = text.plist.xml; name = en; path = en.lproj/Info.plist; sourceTree = "<group>"; };
		62932A5E1F6C14CC001082B1 /* Info.plist */ = {isa = PBXFileReference; lastKnownFileType = text.plist.xml; path = Info.plist; sourceTree = "<group>"; };
		62932A7E1F6C1BA4001082B1 /* Bierjohann_logo_claim.png */ = {isa = PBXFileReference; lastKnownFileType = image.png; path = Bierjohann_logo_claim.png; sourceTree = "<group>"; };
		62A933F01EF6E5430006934B /* bierjohann.app */ = {isa = PBXFileReference; explicitFileType = wrapper.application; includeInIndex = 0; path = bierjohann.app; sourceTree = BUILT_PRODUCTS_DIR; };
		62A933F31EF6E5430006934B /* AppDelegate.swift */ = {isa = PBXFileReference; lastKnownFileType = sourcecode.swift; path = AppDelegate.swift; sourceTree = "<group>"; };
		62A933F81EF6E5430006934B /* Base */ = {isa = PBXFileReference; lastKnownFileType = file.storyboard; name = Base; path = Base.lproj/Main.storyboard; sourceTree = "<group>"; };
		62A933FA1EF6E5430006934B /* Assets.xcassets */ = {isa = PBXFileReference; lastKnownFileType = folder.assetcatalog; path = Assets.xcassets; sourceTree = "<group>"; };
		62A933FD1EF6E5430006934B /* Base */ = {isa = PBXFileReference; lastKnownFileType = file.storyboard; name = Base; path = Base.lproj/LaunchScreen.storyboard; sourceTree = "<group>"; };
		62A934041EF6E5430006934B /* bierjohannTests.xctest */ = {isa = PBXFileReference; explicitFileType = wrapper.cfbundle; includeInIndex = 0; path = bierjohannTests.xctest; sourceTree = BUILT_PRODUCTS_DIR; };
		62A934081EF6E5430006934B /* bierjohannTests.swift */ = {isa = PBXFileReference; lastKnownFileType = sourcecode.swift; path = bierjohannTests.swift; sourceTree = "<group>"; };
		62A9340A1EF6E5430006934B /* Info.plist */ = {isa = PBXFileReference; lastKnownFileType = text.plist.xml; path = Info.plist; sourceTree = "<group>"; };
		62A9340F1EF6E5430006934B /* bierjohannUITests.xctest */ = {isa = PBXFileReference; explicitFileType = wrapper.cfbundle; includeInIndex = 0; path = bierjohannUITests.xctest; sourceTree = BUILT_PRODUCTS_DIR; };
		62A934131EF6E5430006934B /* bierjohannUITests.swift */ = {isa = PBXFileReference; lastKnownFileType = sourcecode.swift; path = bierjohannUITests.swift; sourceTree = "<group>"; };
		62A934151EF6E5430006934B /* Info.plist */ = {isa = PBXFileReference; lastKnownFileType = text.plist.xml; path = Info.plist; sourceTree = "<group>"; };
		62B91F2B1F6BDD8A0077A288 /* pl */ = {isa = PBXFileReference; lastKnownFileType = text.plist.strings; name = pl; path = pl.lproj/LaunchScreen.strings; sourceTree = "<group>"; };
		62B91F3E1F6BDEA40077A288 /* de */ = {isa = PBXFileReference; lastKnownFileType = text.plist.strings; name = de; path = de.lproj/Localizable.strings; sourceTree = "<group>"; };
		62B91F431F6BDEC60077A288 /* pl */ = {isa = PBXFileReference; lastKnownFileType = text.plist.strings; name = pl; path = pl.lproj/Localizable.strings; sourceTree = "<group>"; };
		62B91F491F6BE3BB0077A288 /* ko */ = {isa = PBXFileReference; lastKnownFileType = text.plist.strings; name = ko; path = ko.lproj/Localizable.strings; sourceTree = "<group>"; };
		62B91F4A1F6BE5C20077A288 /* en */ = {isa = PBXFileReference; lastKnownFileType = text.plist.strings; name = en; path = en.lproj/Localizable.strings; sourceTree = "<group>"; };
		62D09E9D1F6A79BC009ED355 /* de */ = {isa = PBXFileReference; lastKnownFileType = text.plist.strings; name = de; path = de.lproj/LaunchScreen.strings; sourceTree = "<group>"; };
		62D09EA11F6A80F6009ED355 /* ko */ = {isa = PBXFileReference; lastKnownFileType = text.plist.strings; name = ko; path = ko.lproj/LaunchScreen.strings; sourceTree = "<group>"; };
		62D630A01F86883200E9087C /* Extensions.swift */ = {isa = PBXFileReference; lastKnownFileType = sourcecode.swift; path = Extensions.swift; sourceTree = "<group>"; };
		62DE0EF61F84FEB300EA4F29 /* Apollo.xcodeproj */ = {isa = PBXFileReference; lastKnownFileType = "wrapper.pb-project"; name = Apollo.xcodeproj; path = "../apollo-ios/Apollo.xcodeproj"; sourceTree = "<group>"; };
		62DE0F131F85028200EA4F29 /* graphql */ = {isa = PBXFileReference; lastKnownFileType = folder; path = graphql; sourceTree = "<group>"; };
/* End PBXFileReference section */

/* Begin PBXFrameworksBuildPhase section */
		62A933ED1EF6E5420006934B /* Frameworks */ = {
			isa = PBXFrameworksBuildPhase;
			buildActionMask = 2147483647;
			files = (
			);
			runOnlyForDeploymentPostprocessing = 0;
		};
		62A934011EF6E5430006934B /* Frameworks */ = {
			isa = PBXFrameworksBuildPhase;
			buildActionMask = 2147483647;
			files = (
			);
			runOnlyForDeploymentPostprocessing = 0;
		};
		62A9340C1EF6E5430006934B /* Frameworks */ = {
			isa = PBXFrameworksBuildPhase;
			buildActionMask = 2147483647;
			files = (
			);
			runOnlyForDeploymentPostprocessing = 0;
		};
/* End PBXFrameworksBuildPhase section */

/* Begin PBXGroup section */
		622E60C81F8294E300DB67B8 /* Frameworks */ = {
			isa = PBXGroup;
			children = (
				62DE0EF61F84FEB300EA4F29 /* Apollo.xcodeproj */,
			);
			name = Frameworks;
			sourceTree = "<group>";
		};
		62932A811F6C1D22001082B1 /* resources */ = {
			isa = PBXGroup;
			children = (
				62DE0F131F85028200EA4F29 /* graphql */,
				62932A7E1F6C1BA4001082B1 /* Bierjohann_logo_claim.png */,
			);
			path = resources;
			sourceTree = "<group>";
		};
		62A933E71EF6E5420006934B = {
			isa = PBXGroup;
			children = (
				62A933F21EF6E5430006934B /* bierjohann */,
				62A934071EF6E5430006934B /* bierjohannTests */,
				62A934121EF6E5430006934B /* bierjohannUITests */,
				62A933F11EF6E5430006934B /* Products */,
				622E60C81F8294E300DB67B8 /* Frameworks */,
			);
			sourceTree = "<group>";
		};
		62A933F11EF6E5430006934B /* Products */ = {
			isa = PBXGroup;
			children = (
				62A933F01EF6E5430006934B /* bierjohann.app */,
				62A934041EF6E5430006934B /* bierjohannTests.xctest */,
				62A9340F1EF6E5430006934B /* bierjohannUITests.xctest */,
			);
			name = Products;
			sourceTree = "<group>";
		};
		62A933F21EF6E5430006934B /* bierjohann */ = {
			isa = PBXGroup;
			children = (
				629056BD1F6D3D4B00E66877 /* Info.plist */,
				62932A811F6C1D22001082B1 /* resources */,
				62B91F3F1F6BDEA40077A288 /* Localizable.strings */,
				62A933F31EF6E5430006934B /* AppDelegate.swift */,
				62A933F71EF6E5430006934B /* Main.storyboard */,
				6282B34E1F7137CB00E1AD18 /* Beer.swift */,
				628F80A71F6DB00A0093BEE4 /* InfoTableViewController.swift */,
				624BEB281EF70CF6008FF485 /* BeerTableViewCell.swift */,
				624BEB2A1EF71725008FF485 /* BeerTableViewController.swift */,
				62499E5B1F077D4800CC518B /* UtilityFunctions.swift */,
				62A933FA1EF6E5430006934B /* Assets.xcassets */,
				62A933FC1EF6E5430006934B /* LaunchScreen.storyboard */,
				62932A5E1F6C14CC001082B1 /* Info.plist */,
				62D630A01F86883200E9087C /* Extensions.swift */,
			);
			path = bierjohann;
			sourceTree = "<group>";
		};
		62A934071EF6E5430006934B /* bierjohannTests */ = {
			isa = PBXGroup;
			children = (
				62A934081EF6E5430006934B /* bierjohannTests.swift */,
				62A9340A1EF6E5430006934B /* Info.plist */,
				623F1FD91F79630400FBA285 /* UtilityFunctionsTests.swift */,
			);
			path = bierjohannTests;
			sourceTree = "<group>";
		};
		62A934121EF6E5430006934B /* bierjohannUITests */ = {
			isa = PBXGroup;
			children = (
				62A934131EF6E5430006934B /* bierjohannUITests.swift */,
				62A934151EF6E5430006934B /* Info.plist */,
			);
			path = bierjohannUITests;
			sourceTree = "<group>";
		};
		62DE0EF71F84FEB300EA4F29 /* Products */ = {
			isa = PBXGroup;
			children = (
				62DE0F021F84FEB300EA4F29 /* Apollo.framework */,
				62DE0F041F84FEB300EA4F29 /* ApolloTests.xctest */,
				62DE0F061F84FEB300EA4F29 /* ApolloCacheDependentTests.xctest */,
				62DE0F081F84FEB300EA4F29 /* ApolloPerformanceTests.xctest */,
				62DE0F0A1F84FEB300EA4F29 /* StarWarsAPI.framework */,
				62DE0F0C1F84FEB300EA4F29 /* GitHubAPI.framework */,
				62DE0F0E1F84FEB300EA4F29 /* TestHost iOS.app */,
				62DE0F101F84FEB300EA4F29 /* ApolloTestSupport.framework */,
			);
			name = Products;
			sourceTree = "<group>";
		};
/* End PBXGroup section */

/* Begin PBXNativeTarget section */
		62A933EF1EF6E5420006934B /* bierjohann */ = {
			isa = PBXNativeTarget;
			buildConfigurationList = 62A934181EF6E5430006934B /* Build configuration list for PBXNativeTarget "bierjohann" */;
			buildPhases = (
				622E60CA1F82954100DB67B8 /* Generate Apollo GraphQL API */,
				62A933EC1EF6E5420006934B /* Sources */,
				62A933ED1EF6E5420006934B /* Frameworks */,
				62A933EE1EF6E5420006934B /* Resources */,
			);
			buildRules = (
			);
			dependencies = (
			);
			name = bierjohann;
			productName = bierjohann;
			productReference = 62A933F01EF6E5430006934B /* bierjohann.app */;
			productType = "com.apple.product-type.application";
		};
		62A934031EF6E5430006934B /* bierjohannTests */ = {
			isa = PBXNativeTarget;
			buildConfigurationList = 62A9341B1EF6E5430006934B /* Build configuration list for PBXNativeTarget "bierjohannTests" */;
			buildPhases = (
				62A934001EF6E5430006934B /* Sources */,
				62A934011EF6E5430006934B /* Frameworks */,
				62A934021EF6E5430006934B /* Resources */,
			);
			buildRules = (
			);
			dependencies = (
				62A934061EF6E5430006934B /* PBXTargetDependency */,
			);
			name = bierjohannTests;
			productName = bierjohannTests;
			productReference = 62A934041EF6E5430006934B /* bierjohannTests.xctest */;
			productType = "com.apple.product-type.bundle.unit-test";
		};
		62A9340E1EF6E5430006934B /* bierjohannUITests */ = {
			isa = PBXNativeTarget;
			buildConfigurationList = 62A9341E1EF6E5430006934B /* Build configuration list for PBXNativeTarget "bierjohannUITests" */;
			buildPhases = (
				62A9340B1EF6E5430006934B /* Sources */,
				62A9340C1EF6E5430006934B /* Frameworks */,
				62A9340D1EF6E5430006934B /* Resources */,
			);
			buildRules = (
			);
			dependencies = (
				62A934111EF6E5430006934B /* PBXTargetDependency */,
			);
			name = bierjohannUITests;
			productName = bierjohannUITests;
			productReference = 62A9340F1EF6E5430006934B /* bierjohannUITests.xctest */;
			productType = "com.apple.product-type.bundle.ui-testing";
		};
/* End PBXNativeTarget section */

/* Begin PBXProject section */
		62A933E81EF6E5420006934B /* Project object */ = {
			isa = PBXProject;
			attributes = {
				LastSwiftUpdateCheck = 0820;
				LastUpgradeCheck = 0900;
				ORGANIZATIONNAME = "Manuel Kohler";
				TargetAttributes = {
					62A933EF1EF6E5420006934B = {
						CreatedOnToolsVersion = 8.2.1;
						LastSwiftMigration = 0900;
						ProvisioningStyle = Automatic;
					};
					62A934031EF6E5430006934B = {
						CreatedOnToolsVersion = 8.2.1;
						DevelopmentTeam = 28L4SXWJY7;
						LastSwiftMigration = 0900;
						ProvisioningStyle = Automatic;
						TestTargetID = 62A933EF1EF6E5420006934B;
					};
					62A9340E1EF6E5430006934B = {
						CreatedOnToolsVersion = 8.2.1;
						DevelopmentTeam = 28L4SXWJY7;
						LastSwiftMigration = 0900;
						ProvisioningStyle = Automatic;
						TestTargetID = 62A933EF1EF6E5420006934B;
					};
				};
			};
			buildConfigurationList = 62A933EB1EF6E5420006934B /* Build configuration list for PBXProject "bierjohann" */;
			compatibilityVersion = "Xcode 8.0";
			developmentRegion = English;
			hasScannedForEncodings = 0;
			knownRegions = (
				en,
				Base,
				de,
				ko,
				pl,
			);
			mainGroup = 62A933E71EF6E5420006934B;
			productRefGroup = 62A933F11EF6E5430006934B /* Products */;
			projectDirPath = "";
			projectReferences = (
				{
					ProductGroup = 62DE0EF71F84FEB300EA4F29 /* Products */;
					ProjectRef = 62DE0EF61F84FEB300EA4F29 /* Apollo.xcodeproj */;
				},
			);
			projectRoot = "";
			targets = (
				62A933EF1EF6E5420006934B /* bierjohann */,
				62A934031EF6E5430006934B /* bierjohannTests */,
				62A9340E1EF6E5430006934B /* bierjohannUITests */,
			);
		};
/* End PBXProject section */

/* Begin PBXReferenceProxy section */
		62DE0F021F84FEB300EA4F29 /* Apollo.framework */ = {
			isa = PBXReferenceProxy;
			fileType = wrapper.framework;
			path = Apollo.framework;
			remoteRef = 62DE0F011F84FEB300EA4F29 /* PBXContainerItemProxy */;
			sourceTree = BUILT_PRODUCTS_DIR;
		};
		62DE0F041F84FEB300EA4F29 /* ApolloTests.xctest */ = {
			isa = PBXReferenceProxy;
			fileType = wrapper.cfbundle;
			path = ApolloTests.xctest;
			remoteRef = 62DE0F031F84FEB300EA4F29 /* PBXContainerItemProxy */;
			sourceTree = BUILT_PRODUCTS_DIR;
		};
		62DE0F061F84FEB300EA4F29 /* ApolloCacheDependentTests.xctest */ = {
			isa = PBXReferenceProxy;
			fileType = wrapper.cfbundle;
			path = ApolloCacheDependentTests.xctest;
			remoteRef = 62DE0F051F84FEB300EA4F29 /* PBXContainerItemProxy */;
			sourceTree = BUILT_PRODUCTS_DIR;
		};
		62DE0F081F84FEB300EA4F29 /* ApolloPerformanceTests.xctest */ = {
			isa = PBXReferenceProxy;
			fileType = wrapper.cfbundle;
			path = ApolloPerformanceTests.xctest;
			remoteRef = 62DE0F071F84FEB300EA4F29 /* PBXContainerItemProxy */;
			sourceTree = BUILT_PRODUCTS_DIR;
		};
		62DE0F0A1F84FEB300EA4F29 /* StarWarsAPI.framework */ = {
			isa = PBXReferenceProxy;
			fileType = wrapper.framework;
			path = StarWarsAPI.framework;
			remoteRef = 62DE0F091F84FEB300EA4F29 /* PBXContainerItemProxy */;
			sourceTree = BUILT_PRODUCTS_DIR;
		};
		62DE0F0C1F84FEB300EA4F29 /* GitHubAPI.framework */ = {
			isa = PBXReferenceProxy;
			fileType = wrapper.framework;
			path = GitHubAPI.framework;
			remoteRef = 62DE0F0B1F84FEB300EA4F29 /* PBXContainerItemProxy */;
			sourceTree = BUILT_PRODUCTS_DIR;
		};
		62DE0F0E1F84FEB300EA4F29 /* TestHost iOS.app */ = {
			isa = PBXReferenceProxy;
			fileType = wrapper.application;
			path = "TestHost iOS.app";
			remoteRef = 62DE0F0D1F84FEB300EA4F29 /* PBXContainerItemProxy */;
			sourceTree = BUILT_PRODUCTS_DIR;
		};
		62DE0F101F84FEB300EA4F29 /* ApolloTestSupport.framework */ = {
			isa = PBXReferenceProxy;
			fileType = wrapper.framework;
			path = ApolloTestSupport.framework;
			remoteRef = 62DE0F0F1F84FEB300EA4F29 /* PBXContainerItemProxy */;
			sourceTree = BUILT_PRODUCTS_DIR;
		};
/* End PBXReferenceProxy section */

/* Begin PBXResourcesBuildPhase section */
		62A933EE1EF6E5420006934B /* Resources */ = {
			isa = PBXResourcesBuildPhase;
			buildActionMask = 2147483647;
			files = (
				62DE0F141F85028200EA4F29 /* graphql in Resources */,
				62A933FE1EF6E5430006934B /* LaunchScreen.storyboard in Resources */,
				62B91F3D1F6BDEA40077A288 /* Localizable.strings in Resources */,
				62A933FB1EF6E5430006934B /* Assets.xcassets in Resources */,
				62A933F91EF6E5430006934B /* Main.storyboard in Resources */,
				62932A7F1F6C1BA4001082B1 /* Bierjohann_logo_claim.png in Resources */,
			);
			runOnlyForDeploymentPostprocessing = 0;
		};
		62A934021EF6E5430006934B /* Resources */ = {
			isa = PBXResourcesBuildPhase;
			buildActionMask = 2147483647;
			files = (
			);
			runOnlyForDeploymentPostprocessing = 0;
		};
		62A9340D1EF6E5430006934B /* Resources */ = {
			isa = PBXResourcesBuildPhase;
			buildActionMask = 2147483647;
			files = (
			);
			runOnlyForDeploymentPostprocessing = 0;
		};
/* End PBXResourcesBuildPhase section */

/* Begin PBXShellScriptBuildPhase section */
		622E60CA1F82954100DB67B8 /* Generate Apollo GraphQL API */ = {
			isa = PBXShellScriptBuildPhase;
			buildActionMask = 2147483647;
			files = (
			);
			inputPaths = (
				/Users/kohleman/Documents/iOS_Playground/bierjohann/bierjohann/resources/graphql/schema.json,
			);
			name = "Generate Apollo GraphQL API";
			outputPaths = (
				" /Users/kohleman/Documents/iOS_Playground/bierjohann/bierjohann/resources/graphql/API.swift",
			);
			runOnlyForDeploymentPostprocessing = 0;
			shellPath = /bin/sh;
			shellScript = "APOLLO_FRAMEWORK_PATH=\"$(eval find $FRAMEWORK_SEARCH_PATHS -name \"Apollo.framework\" -maxdepth 1)\"\n\nif [ -z \"$APOLLO_FRAMEWORK_PATH\" ]; then\necho \"error: Couldn't find Apollo.framework in FRAMEWORK_SEARCH_PATHS; make sure to add the framework to your project.\"\nexit 1\nfi\n\ncd \"${SRCROOT}/${TARGET_NAME}\"\n$APOLLO_FRAMEWORK_PATH/check-and-run-apollo-codegen.sh generate $(find . -name '*.graphql') --schema /Users/kohleman/Documents/iOS_Playground/bierjohann/bierjohann/resources/graphql/schema.json --output /Users/kohleman/Documents/iOS_Playground/bierjohann/bierjohann/resources/graphql/API.swift";
		};
/* End PBXShellScriptBuildPhase section */

/* Begin PBXSourcesBuildPhase section */
		62A933EC1EF6E5420006934B /* Sources */ = {
			isa = PBXSourcesBuildPhase;
			buildActionMask = 2147483647;
			files = (
				62499E5C1F077D4800CC518B /* UtilityFunctions.swift in Sources */,
				626F05CC1F7A976000753621 /* BeerTableViewController.swift in Sources */,
				626F05CB1F7A975A00753621 /* Beer.swift in Sources */,
				62A933F41EF6E5430006934B /* AppDelegate.swift in Sources */,
				626F05CF1F7A982A00753621 /* BeerTableViewCell.swift in Sources */,
				62D630A11F86883200E9087C /* Extensions.swift in Sources */,
			);
			runOnlyForDeploymentPostprocessing = 0;
		};
		62A934001EF6E5430006934B /* Sources */ = {
			isa = PBXSourcesBuildPhase;
			buildActionMask = 2147483647;
			files = (
				62A934091EF6E5430006934B /* bierjohannTests.swift in Sources */,
				623F1FDA1F79630400FBA285 /* UtilityFunctionsTests.swift in Sources */,
				626F05C61F7A947500753621 /* UtilityFunctions.swift in Sources */,
				626F05CE1F7A977E00753621 /* Beer.swift in Sources */,
			);
			runOnlyForDeploymentPostprocessing = 0;
		};
		62A9340B1EF6E5430006934B /* Sources */ = {
			isa = PBXSourcesBuildPhase;
			buildActionMask = 2147483647;
			files = (
				62A934141EF6E5430006934B /* bierjohannUITests.swift in Sources */,
			);
			runOnlyForDeploymentPostprocessing = 0;
		};
/* End PBXSourcesBuildPhase section */

/* Begin PBXTargetDependency section */
		62A934061EF6E5430006934B /* PBXTargetDependency */ = {
			isa = PBXTargetDependency;
			target = 62A933EF1EF6E5420006934B /* bierjohann */;
			targetProxy = 62A934051EF6E5430006934B /* PBXContainerItemProxy */;
		};
		62A934111EF6E5430006934B /* PBXTargetDependency */ = {
			isa = PBXTargetDependency;
			target = 62A933EF1EF6E5420006934B /* bierjohann */;
			targetProxy = 62A934101EF6E5430006934B /* PBXContainerItemProxy */;
		};
/* End PBXTargetDependency section */

/* Begin PBXVariantGroup section */
		629056BD1F6D3D4B00E66877 /* Info.plist */ = {
			isa = PBXVariantGroup;
			children = (
				629056BE1F6D3D4B00E66877 /* de */,
				629056C91F6D3D4B00E66877 /* en */,
			);
			name = Info.plist;
			sourceTree = "<group>";
		};
		62A933F71EF6E5430006934B /* Main.storyboard */ = {
			isa = PBXVariantGroup;
			children = (
				62A933F81EF6E5430006934B /* Base */,
			);
			name = Main.storyboard;
			sourceTree = "<group>";
		};
		62A933FC1EF6E5430006934B /* LaunchScreen.storyboard */ = {
			isa = PBXVariantGroup;
			children = (
				62A933FD1EF6E5430006934B /* Base */,
				62D09E9D1F6A79BC009ED355 /* de */,
				62D09EA11F6A80F6009ED355 /* ko */,
				62B91F2B1F6BDD8A0077A288 /* pl */,
			);
			name = LaunchScreen.storyboard;
			sourceTree = "<group>";
		};
		62B91F3F1F6BDEA40077A288 /* Localizable.strings */ = {
			isa = PBXVariantGroup;
			children = (
				62B91F3E1F6BDEA40077A288 /* de */,
				62B91F431F6BDEC60077A288 /* pl */,
				62B91F491F6BE3BB0077A288 /* ko */,
				62B91F4A1F6BE5C20077A288 /* en */,
			);
			name = Localizable.strings;
			sourceTree = "<group>";
		};
/* End PBXVariantGroup section */

/* Begin XCBuildConfiguration section */
		62A934161EF6E5430006934B /* Debug */ = {
			isa = XCBuildConfiguration;
			buildSettings = {
				ALWAYS_SEARCH_USER_PATHS = NO;
				CLANG_ANALYZER_LOCALIZABILITY_NONLOCALIZED = YES;
				CLANG_ANALYZER_NONNULL = YES;
				CLANG_CXX_LANGUAGE_STANDARD = "gnu++0x";
				CLANG_CXX_LIBRARY = "libc++";
				CLANG_ENABLE_MODULES = YES;
				CLANG_ENABLE_OBJC_ARC = YES;
				CLANG_WARN_BLOCK_CAPTURE_AUTORELEASING = YES;
				CLANG_WARN_BOOL_CONVERSION = YES;
				CLANG_WARN_COMMA = YES;
				CLANG_WARN_CONSTANT_CONVERSION = YES;
				CLANG_WARN_DIRECT_OBJC_ISA_USAGE = YES_ERROR;
				CLANG_WARN_DOCUMENTATION_COMMENTS = YES;
				CLANG_WARN_EMPTY_BODY = YES;
				CLANG_WARN_ENUM_CONVERSION = YES;
				CLANG_WARN_INFINITE_RECURSION = YES;
				CLANG_WARN_INT_CONVERSION = YES;
				CLANG_WARN_NON_LITERAL_NULL_CONVERSION = YES;
				CLANG_WARN_OBJC_LITERAL_CONVERSION = YES;
				CLANG_WARN_OBJC_ROOT_CLASS = YES_ERROR;
				CLANG_WARN_RANGE_LOOP_ANALYSIS = YES;
				CLANG_WARN_STRICT_PROTOTYPES = YES;
				CLANG_WARN_SUSPICIOUS_MOVE = YES;
				CLANG_WARN_UNREACHABLE_CODE = YES;
				CLANG_WARN__DUPLICATE_METHOD_MATCH = YES;
				CODE_SIGN_IDENTITY = "iPhone Developer";
				"CODE_SIGN_IDENTITY[sdk=iphoneos*]" = "iPhone Developer";
				COPY_PHASE_STRIP = NO;
				DEBUG_INFORMATION_FORMAT = dwarf;
				DEVELOPMENT_TEAM = 28L4SXWJY7;
				ENABLE_STRICT_OBJC_MSGSEND = YES;
				ENABLE_TESTABILITY = YES;
				GCC_C_LANGUAGE_STANDARD = gnu99;
				GCC_DYNAMIC_NO_PIC = NO;
				GCC_NO_COMMON_BLOCKS = YES;
				GCC_OPTIMIZATION_LEVEL = 0;
				GCC_PREPROCESSOR_DEFINITIONS = (
					"DEBUG=1",
					"$(inherited)",
				);
				GCC_WARN_64_TO_32_BIT_CONVERSION = YES;
				GCC_WARN_ABOUT_RETURN_TYPE = YES_ERROR;
				GCC_WARN_UNDECLARED_SELECTOR = YES;
				GCC_WARN_UNINITIALIZED_AUTOS = YES_AGGRESSIVE;
				GCC_WARN_UNUSED_FUNCTION = YES;
				GCC_WARN_UNUSED_VARIABLE = YES;
				IPHONEOS_DEPLOYMENT_TARGET = 9.0;
				MTL_ENABLE_DEBUG_INFO = YES;
				ONLY_ACTIVE_ARCH = YES;
				SDKROOT = iphoneos;
				SWIFT_ACTIVE_COMPILATION_CONDITIONS = DEBUG;
				SWIFT_OPTIMIZATION_LEVEL = "-Onone";
				TARGETED_DEVICE_FAMILY = "1,2";
			};
			name = Debug;
		};
		62A934171EF6E5430006934B /* Release */ = {
			isa = XCBuildConfiguration;
			buildSettings = {
				ALWAYS_SEARCH_USER_PATHS = NO;
				CLANG_ANALYZER_LOCALIZABILITY_NONLOCALIZED = YES;
				CLANG_ANALYZER_NONNULL = YES;
				CLANG_CXX_LANGUAGE_STANDARD = "gnu++0x";
				CLANG_CXX_LIBRARY = "libc++";
				CLANG_ENABLE_MODULES = YES;
				CLANG_ENABLE_OBJC_ARC = YES;
				CLANG_WARN_BLOCK_CAPTURE_AUTORELEASING = YES;
				CLANG_WARN_BOOL_CONVERSION = YES;
				CLANG_WARN_COMMA = YES;
				CLANG_WARN_CONSTANT_CONVERSION = YES;
				CLANG_WARN_DIRECT_OBJC_ISA_USAGE = YES_ERROR;
				CLANG_WARN_DOCUMENTATION_COMMENTS = YES;
				CLANG_WARN_EMPTY_BODY = YES;
				CLANG_WARN_ENUM_CONVERSION = YES;
				CLANG_WARN_INFINITE_RECURSION = YES;
				CLANG_WARN_INT_CONVERSION = YES;
				CLANG_WARN_NON_LITERAL_NULL_CONVERSION = YES;
				CLANG_WARN_OBJC_LITERAL_CONVERSION = YES;
				CLANG_WARN_OBJC_ROOT_CLASS = YES_ERROR;
				CLANG_WARN_RANGE_LOOP_ANALYSIS = YES;
				CLANG_WARN_STRICT_PROTOTYPES = YES;
				CLANG_WARN_SUSPICIOUS_MOVE = YES;
				CLANG_WARN_UNREACHABLE_CODE = YES;
				CLANG_WARN__DUPLICATE_METHOD_MATCH = YES;
				CODE_SIGN_IDENTITY = "iPhone Developer";
				"CODE_SIGN_IDENTITY[sdk=iphoneos*]" = "iPhone Developer";
				COPY_PHASE_STRIP = NO;
				DEBUG_INFORMATION_FORMAT = "dwarf-with-dsym";
				DEVELOPMENT_TEAM = 28L4SXWJY7;
				ENABLE_NS_ASSERTIONS = NO;
				ENABLE_STRICT_OBJC_MSGSEND = YES;
				GCC_C_LANGUAGE_STANDARD = gnu99;
				GCC_NO_COMMON_BLOCKS = YES;
				GCC_WARN_64_TO_32_BIT_CONVERSION = YES;
				GCC_WARN_ABOUT_RETURN_TYPE = YES_ERROR;
				GCC_WARN_UNDECLARED_SELECTOR = YES;
				GCC_WARN_UNINITIALIZED_AUTOS = YES_AGGRESSIVE;
				GCC_WARN_UNUSED_FUNCTION = YES;
				GCC_WARN_UNUSED_VARIABLE = YES;
				IPHONEOS_DEPLOYMENT_TARGET = 9.0;
				MTL_ENABLE_DEBUG_INFO = NO;
				SDKROOT = iphoneos;
				SWIFT_OPTIMIZATION_LEVEL = "-Owholemodule";
				TARGETED_DEVICE_FAMILY = "1,2";
				VALIDATE_PRODUCT = YES;
			};
			name = Release;
		};
		62A934191EF6E5430006934B /* Debug */ = {
			isa = XCBuildConfiguration;
			buildSettings = {
				ASSETCATALOG_COMPILER_APPICON_NAME = AppIcon;
				"CODE_SIGN_IDENTITY[sdk=iphoneos*]" = "iPhone Developer";
				CODE_SIGN_STYLE = Automatic;
				DEVELOPMENT_TEAM = 28L4SXWJY7;
				INFOPLIST_FILE = "$(SRCROOT)/bierjohann/Info.plist";
				IPHONEOS_DEPLOYMENT_TARGET = 9.0;
				LD_RUNPATH_SEARCH_PATHS = "$(inherited) @executable_path/Frameworks";
				PRODUCT_BUNDLE_IDENTIFIER = com.kohler.bierjohann;
				PRODUCT_NAME = "$(TARGET_NAME)";
				PROVISIONING_PROFILE_SPECIFIER = "";
				SWIFT_SWIFT3_OBJC_INFERENCE = Off;
				SWIFT_VERSION = 4.0;
				TARGETED_DEVICE_FAMILY = 1;
			};
			name = Debug;
		};
		62A9341A1EF6E5430006934B /* Release */ = {
			isa = XCBuildConfiguration;
			buildSettings = {
				ASSETCATALOG_COMPILER_APPICON_NAME = AppIcon;
				"CODE_SIGN_IDENTITY[sdk=iphoneos*]" = "iPhone Developer";
				CODE_SIGN_STYLE = Automatic;
				DEVELOPMENT_TEAM = 28L4SXWJY7;
				INFOPLIST_FILE = "$(SRCROOT)/bierjohann/Info.plist";
				IPHONEOS_DEPLOYMENT_TARGET = 9.0;
				LD_RUNPATH_SEARCH_PATHS = "$(inherited) @executable_path/Frameworks";
				PRODUCT_BUNDLE_IDENTIFIER = com.kohler.bierjohann;
				PRODUCT_NAME = "$(TARGET_NAME)";
				PROVISIONING_PROFILE_SPECIFIER = "";
				SWIFT_SWIFT3_OBJC_INFERENCE = Off;
				SWIFT_VERSION = 4.0;
				TARGETED_DEVICE_FAMILY = 1;
			};
			name = Release;
		};
		62A9341C1EF6E5430006934B /* Debug */ = {
			isa = XCBuildConfiguration;
			buildSettings = {
				ALWAYS_EMBED_SWIFT_STANDARD_LIBRARIES = YES;
				BUNDLE_LOADER = "$(TEST_HOST)";
				INFOPLIST_FILE = bierjohannTests/Info.plist;
				LD_RUNPATH_SEARCH_PATHS = "$(inherited) @executable_path/Frameworks @loader_path/Frameworks";
				PRODUCT_BUNDLE_IDENTIFIER = com.kohler.bierjohannTests;
				PRODUCT_NAME = "$(TARGET_NAME)";
				SWIFT_SWIFT3_OBJC_INFERENCE = Off;
				SWIFT_VERSION = 4.0;
				TEST_HOST = "$(BUILT_PRODUCTS_DIR)/bierjohann.app/bierjohann";
			};
			name = Debug;
		};
		62A9341D1EF6E5430006934B /* Release */ = {
			isa = XCBuildConfiguration;
			buildSettings = {
				ALWAYS_EMBED_SWIFT_STANDARD_LIBRARIES = YES;
				BUNDLE_LOADER = "$(TEST_HOST)";
				INFOPLIST_FILE = bierjohannTests/Info.plist;
				LD_RUNPATH_SEARCH_PATHS = "$(inherited) @executable_path/Frameworks @loader_path/Frameworks";
				PRODUCT_BUNDLE_IDENTIFIER = com.kohler.bierjohannTests;
				PRODUCT_NAME = "$(TARGET_NAME)";
				SWIFT_SWIFT3_OBJC_INFERENCE = Off;
				SWIFT_VERSION = 4.0;
				TEST_HOST = "$(BUILT_PRODUCTS_DIR)/bierjohann.app/bierjohann";
			};
			name = Release;
		};
		62A9341F1EF6E5430006934B /* Debug */ = {
			isa = XCBuildConfiguration;
			buildSettings = {
				ALWAYS_EMBED_SWIFT_STANDARD_LIBRARIES = YES;
				INFOPLIST_FILE = bierjohannUITests/Info.plist;
				LD_RUNPATH_SEARCH_PATHS = "$(inherited) @executable_path/Frameworks @loader_path/Frameworks";
				PRODUCT_BUNDLE_IDENTIFIER = com.kohler.bierjohannUITests;
				PRODUCT_NAME = "$(TARGET_NAME)";
				SWIFT_SWIFT3_OBJC_INFERENCE = Off;
				SWIFT_VERSION = 4.0;
				TEST_TARGET_NAME = bierjohann;
			};
			name = Debug;
		};
		62A934201EF6E5430006934B /* Release */ = {
			isa = XCBuildConfiguration;
			buildSettings = {
				ALWAYS_EMBED_SWIFT_STANDARD_LIBRARIES = YES;
				INFOPLIST_FILE = bierjohannUITests/Info.plist;
				LD_RUNPATH_SEARCH_PATHS = "$(inherited) @executable_path/Frameworks @loader_path/Frameworks";
				PRODUCT_BUNDLE_IDENTIFIER = com.kohler.bierjohannUITests;
				PRODUCT_NAME = "$(TARGET_NAME)";
				SWIFT_SWIFT3_OBJC_INFERENCE = Off;
				SWIFT_VERSION = 4.0;
				TEST_TARGET_NAME = bierjohann;
			};
			name = Release;
		};
/* End XCBuildConfiguration section */

/* Begin XCConfigurationList section */
		62A933EB1EF6E5420006934B /* Build configuration list for PBXProject "bierjohann" */ = {
			isa = XCConfigurationList;
			buildConfigurations = (
				62A934161EF6E5430006934B /* Debug */,
				62A934171EF6E5430006934B /* Release */,
			);
			defaultConfigurationIsVisible = 0;
			defaultConfigurationName = Release;
		};
		62A934181EF6E5430006934B /* Build configuration list for PBXNativeTarget "bierjohann" */ = {
			isa = XCConfigurationList;
			buildConfigurations = (
				62A934191EF6E5430006934B /* Debug */,
				62A9341A1EF6E5430006934B /* Release */,
			);
			defaultConfigurationIsVisible = 0;
			defaultConfigurationName = Release;
		};
		62A9341B1EF6E5430006934B /* Build configuration list for PBXNativeTarget "bierjohannTests" */ = {
			isa = XCConfigurationList;
			buildConfigurations = (
				62A9341C1EF6E5430006934B /* Debug */,
				62A9341D1EF6E5430006934B /* Release */,
			);
			defaultConfigurationIsVisible = 0;
			defaultConfigurationName = Release;
		};
		62A9341E1EF6E5430006934B /* Build configuration list for PBXNativeTarget "bierjohannUITests" */ = {
			isa = XCConfigurationList;
			buildConfigurations = (
				62A9341F1EF6E5430006934B /* Debug */,
				62A934201EF6E5430006934B /* Release */,
			);
			defaultConfigurationIsVisible = 0;
			defaultConfigurationName = Release;
		};
/* End XCConfigurationList section */
	};
	rootObject = 62A933E81EF6E5420006934B /* Project object */;
}
