// !$*UTF8*$!
{
	archiveVersion = 1;
	classes = {
	};
	objectVersion = 48;
	objects = {

/* Begin PBXBuildFile section */
		62048A8C201A3A9F00ED37CB /* FB-fLogo-Blue-broadcast-2.png in Resources */ = {isa = PBXBuildFile; fileRef = 62048A84201A3A9F00ED37CB /* FB-fLogo-Blue-broadcast-2.png */; };
		62048A8E201A3E9B00ED37CB /* maps_64dp.png in Resources */ = {isa = PBXBuildFile; fileRef = 62048A8D201A3E9B00ED37CB /* maps_64dp.png */; };
		62048A90201A427800ED37CB /* InfoViewController.swift in Sources */ = {isa = PBXBuildFile; fileRef = 62048A8F201A427800ED37CB /* InfoViewController.swift */; };
		620BE8F21FE40B2F00B1C1B9 /* iconmonstr-info-6-24.png in Resources */ = {isa = PBXBuildFile; fileRef = 620BE8EA1FE40B2E00B1C1B9 /* iconmonstr-info-6-24.png */; };
		620BE8F41FE40BB300B1C1B9 /* iconmonstr-calendar-5-24.png in Resources */ = {isa = PBXBuildFile; fileRef = 620BE8F31FE40BB300B1C1B9 /* iconmonstr-calendar-5-24.png */; };
		620BE8F61FE40F6B00B1C1B9 /* iconmonstr-home-6-24.png in Resources */ = {isa = PBXBuildFile; fileRef = 620BE8F51FE40F6B00B1C1B9 /* iconmonstr-home-6-24.png */; };
		6224C04F20042C1A00561FF5 /* Podfile in Resources */ = {isa = PBXBuildFile; fileRef = 6224C04E20042C1A00561FF5 /* Podfile */; };
		623F1FDA1F79630400FBA285 /* UtilityFunctionsTests.swift in Sources */ = {isa = PBXBuildFile; fileRef = 623F1FD91F79630400FBA285 /* UtilityFunctionsTests.swift */; };
		62499E5C1F077D4800CC518B /* UtilityFunctions.swift in Sources */ = {isa = PBXBuildFile; fileRef = 62499E5B1F077D4800CC518B /* UtilityFunctions.swift */; };
		6255886320223E3B000A61FC /* HomeViewController.swift in Sources */ = {isa = PBXBuildFile; fileRef = 6255886220223E3B000A61FC /* HomeViewController.swift */; };
		6260F4E72010E26B00F657E5 /* NetworkReachability.swift in Sources */ = {isa = PBXBuildFile; fileRef = 6260F4E62010E26B00F657E5 /* NetworkReachability.swift */; };
		626E73432005306200C420C0 /* Apollo.framework in Embed Frameworks */ = {isa = PBXBuildFile; fileRef = 62DE0F021F84FEB300EA4F29 /* Apollo.framework */; settings = {ATTRIBUTES = (CodeSignOnCopy, RemoveHeadersOnCopy, ); }; };
		626F05C61F7A947500753621 /* UtilityFunctions.swift in Sources */ = {isa = PBXBuildFile; fileRef = 62499E5B1F077D4800CC518B /* UtilityFunctions.swift */; };
		626F05CB1F7A975A00753621 /* Beer.swift in Sources */ = {isa = PBXBuildFile; fileRef = 6282B34E1F7137CB00E1AD18 /* Beer.swift */; };
		626F05CC1F7A976000753621 /* BeerTableViewController.swift in Sources */ = {isa = PBXBuildFile; fileRef = 624BEB2A1EF71725008FF485 /* BeerTableViewController.swift */; };
		626F05CE1F7A977E00753621 /* Beer.swift in Sources */ = {isa = PBXBuildFile; fileRef = 6282B34E1F7137CB00E1AD18 /* Beer.swift */; };
		626F05CF1F7A982A00753621 /* BeerTableViewCell.swift in Sources */ = {isa = PBXBuildFile; fileRef = 624BEB281EF70CF6008FF485 /* BeerTableViewCell.swift */; };
		6273095F1F8E19AB00DF2A76 /* rateBeerAPI.swift in Sources */ = {isa = PBXBuildFile; fileRef = 6273095C1F8E190A00DF2A76 /* rateBeerAPI.swift */; };
		627309601F8E19AC00DF2A76 /* rateBeerAPI.swift in Sources */ = {isa = PBXBuildFile; fileRef = 6273095C1F8E190A00DF2A76 /* rateBeerAPI.swift */; };
		627309631F8E277000DF2A76 /* ApolloClient.swift in Sources */ = {isa = PBXBuildFile; fileRef = 627309611F8E26D600DF2A76 /* ApolloClient.swift */; };
		627309641F8E277100DF2A76 /* ApolloClient.swift in Sources */ = {isa = PBXBuildFile; fileRef = 627309611F8E26D600DF2A76 /* ApolloClient.swift */; };
		6280438F200524EB00FF81C8 /* Apollo.framework in Frameworks */ = {isa = PBXBuildFile; fileRef = 62DE0F021F84FEB300EA4F29 /* Apollo.framework */; };
		62932A7F1F6C1BA4001082B1 /* Bierjohann_logo_claim.png in Resources */ = {isa = PBXBuildFile; fileRef = 62932A7E1F6C1BA4001082B1 /* Bierjohann_logo_claim.png */; };
		62A933F41EF6E5430006934B /* AppDelegate.swift in Sources */ = {isa = PBXBuildFile; fileRef = 62A933F31EF6E5430006934B /* AppDelegate.swift */; };
		62A933F91EF6E5430006934B /* Main.storyboard in Resources */ = {isa = PBXBuildFile; fileRef = 62A933F71EF6E5430006934B /* Main.storyboard */; };
		62A933FB1EF6E5430006934B /* Assets.xcassets in Resources */ = {isa = PBXBuildFile; fileRef = 62A933FA1EF6E5430006934B /* Assets.xcassets */; };
		62A933FE1EF6E5430006934B /* LaunchScreen.storyboard in Resources */ = {isa = PBXBuildFile; fileRef = 62A933FC1EF6E5430006934B /* LaunchScreen.storyboard */; };
		62A934091EF6E5430006934B /* bierjohannTests.swift in Sources */ = {isa = PBXBuildFile; fileRef = 62A934081EF6E5430006934B /* bierjohannTests.swift */; };
		62A934141EF6E5430006934B /* bierjohannUITests.swift in Sources */ = {isa = PBXBuildFile; fileRef = 62A934131EF6E5430006934B /* bierjohannUITests.swift */; };
		62ABD3C71FE3270C0024A791 /* iconmonstr-beer-4-240.png in Resources */ = {isa = PBXBuildFile; fileRef = 62ABD3BF1FE3270C0024A791 /* iconmonstr-beer-4-240.png */; };
		62ABD3C91FE3280C0024A791 /* iconmonstr-beer-4-72.png in Resources */ = {isa = PBXBuildFile; fileRef = 62ABD3C81FE3280C0024A791 /* iconmonstr-beer-4-72.png */; };
		62ABD3CB1FE328800024A791 /* iconmonstr-beer-4-48.png in Resources */ = {isa = PBXBuildFile; fileRef = 62ABD3CA1FE3287F0024A791 /* iconmonstr-beer-4-48.png */; };
		62ABD3CE1FE329320024A791 /* iconmonstr-beer-4-24.png in Resources */ = {isa = PBXBuildFile; fileRef = 62ABD3CD1FE329320024A791 /* iconmonstr-beer-4-24.png */; };
		62B91F3D1F6BDEA40077A288 /* Localizable.strings in Resources */ = {isa = PBXBuildFile; fileRef = 62B91F3F1F6BDEA40077A288 /* Localizable.strings */; };
		62BB33021FE5634500F87699 /* EventTableViewController.swift in Sources */ = {isa = PBXBuildFile; fileRef = 62BB33001FE5634500F87699 /* EventTableViewController.swift */; };
		62BB33051FE5737400F87699 /* Event.swift in Sources */ = {isa = PBXBuildFile; fileRef = 62BB33041FE5737400F87699 /* Event.swift */; };
		62BB33061FE5737400F87699 /* Event.swift in Sources */ = {isa = PBXBuildFile; fileRef = 62BB33041FE5737400F87699 /* Event.swift */; };
		62BB33071FE5737400F87699 /* Event.swift in Sources */ = {isa = PBXBuildFile; fileRef = 62BB33041FE5737400F87699 /* Event.swift */; };
		62BB33081FE5776C00F87699 /* EventTableViewController.swift in Sources */ = {isa = PBXBuildFile; fileRef = 62BB33001FE5634500F87699 /* EventTableViewController.swift */; };
		62BB330D1FE583DD00F87699 /* EventTableViewCell.swift in Sources */ = {isa = PBXBuildFile; fileRef = 62BB330C1FE583DD00F87699 /* EventTableViewCell.swift */; };
		62C436AD2012367D002837AE /* EventDetailViewController.swift in Sources */ = {isa = PBXBuildFile; fileRef = 62C436AC2012367D002837AE /* EventDetailViewController.swift */; };
		62D630A11F86883200E9087C /* Extensions.swift in Sources */ = {isa = PBXBuildFile; fileRef = 62D630A01F86883200E9087C /* Extensions.swift */; };
		62D938B52019168F0070C629 /* bierrevier_logo.png in Resources */ = {isa = PBXBuildFile; fileRef = 62D938AD2019168E0070C629 /* bierrevier_logo.png */; };
		62D938B720191E8E0070C629 /* bierrevier_logo_24.png in Resources */ = {isa = PBXBuildFile; fileRef = 62D938B620191E8E0070C629 /* bierrevier_logo_24.png */; };
		62D938B920191F1E0070C629 /* markthalle-logo_24.png in Resources */ = {isa = PBXBuildFile; fileRef = 62D938B820191F1E0070C629 /* markthalle-logo_24.png */; };
		62D938BF201A2F6F0070C629 /* BierrevierViewController.swift in Sources */ = {isa = PBXBuildFile; fileRef = 62D938BE201A2F6F0070C629 /* BierrevierViewController.swift */; };
		62F66AD11F9BAB0800395682 /* Obfuscator.swift in Sources */ = {isa = PBXBuildFile; fileRef = 62F66AC61F9BAABD00395682 /* Obfuscator.swift */; };
		62F66AD21F9BAB0900395682 /* Obfuscator.swift in Sources */ = {isa = PBXBuildFile; fileRef = 62F66AC61F9BAABD00395682 /* Obfuscator.swift */; };
		62F66AD41F9CCC1B00395682 /* NSActions.swift in Sources */ = {isa = PBXBuildFile; fileRef = 62F66AD31F9CCC1A00395682 /* NSActions.swift */; };
		62F66AD51F9CCC1B00395682 /* NSActions.swift in Sources */ = {isa = PBXBuildFile; fileRef = 62F66AD31F9CCC1A00395682 /* NSActions.swift */; };
		62F66ADB1F9CCF2100395682 /* Constants.swift in Sources */ = {isa = PBXBuildFile; fileRef = 62F66ADA1F9CCF2100395682 /* Constants.swift */; };
		62F66ADC1F9CCF2100395682 /* Constants.swift in Sources */ = {isa = PBXBuildFile; fileRef = 62F66ADA1F9CCF2100395682 /* Constants.swift */; };
		62F66ADE1F9CD2D700395682 /* StringUtilities.swift in Sources */ = {isa = PBXBuildFile; fileRef = 62F66ADD1F9CD2D700395682 /* StringUtilities.swift */; };
		62F66ADF1F9CD2D700395682 /* StringUtilities.swift in Sources */ = {isa = PBXBuildFile; fileRef = 62F66ADD1F9CD2D700395682 /* StringUtilities.swift */; };
		62F66AE11F9D50DC00395682 /* BeerDetailViewController.swift in Sources */ = {isa = PBXBuildFile; fileRef = 62F66AE01F9D50DC00395682 /* BeerDetailViewController.swift */; };
		62F66AE21F9D50DC00395682 /* BeerDetailViewController.swift in Sources */ = {isa = PBXBuildFile; fileRef = 62F66AE01F9D50DC00395682 /* BeerDetailViewController.swift */; };
		8BF7B49BFE3D274B980C16F5 /* Pods_bierjohann.framework in Frameworks */ = {isa = PBXBuildFile; fileRef = 0CDA1364A5BF775232D8D7CD /* Pods_bierjohann.framework */; };
/* End PBXBuildFile section */

/* Begin PBXContainerItemProxy section */
		626E73442005306900C420C0 /* PBXContainerItemProxy */ = {
			isa = PBXContainerItemProxy;
			containerPortal = 62DE0EF61F84FEB300EA4F29 /* Apollo.xcodeproj */;
			proxyType = 1;
			remoteGlobalIDString = 9FC750431D2A532C00458D91;
			remoteInfo = Apollo;
		};
		62A934051EF6E5430006934B /* PBXContainerItemProxy */ = {
			isa = PBXContainerItemProxy;
			containerPortal = 62A933E81EF6E5420006934B /* Project object */;
			proxyType = 1;
			remoteGlobalIDString = 62A933EF1EF6E5420006934B;
			remoteInfo = bierjohann;
		};
		62A934101EF6E5430006934B /* PBXContainerItemProxy */ = {
			isa = PBXContainerItemProxy;
			containerPortal = 62A933E81EF6E5420006934B /* Project object */;
			proxyType = 1;
			remoteGlobalIDString = 62A933EF1EF6E5420006934B;
			remoteInfo = bierjohann;
		};
		62DE0F011F84FEB300EA4F29 /* PBXContainerItemProxy */ = {
			isa = PBXContainerItemProxy;
			containerPortal = 62DE0EF61F84FEB300EA4F29 /* Apollo.xcodeproj */;
			proxyType = 2;
			remoteGlobalIDString = 9FC750441D2A532C00458D91;
			remoteInfo = Apollo;
		};
		62DE0F031F84FEB300EA4F29 /* PBXContainerItemProxy */ = {
			isa = PBXContainerItemProxy;
			containerPortal = 62DE0EF61F84FEB300EA4F29 /* Apollo.xcodeproj */;
			proxyType = 2;
			remoteGlobalIDString = 9FC7504E1D2A532D00458D91;
			remoteInfo = ApolloTests;
		};
		62DE0F051F84FEB300EA4F29 /* PBXContainerItemProxy */ = {
			isa = PBXContainerItemProxy;
			containerPortal = 62DE0EF61F84FEB300EA4F29 /* Apollo.xcodeproj */;
			proxyType = 2;
			remoteGlobalIDString = 9FA6ABBC1EC0A988000017BE;
			remoteInfo = ApolloCacheDependentTests;
		};
		62DE0F071F84FEB300EA4F29 /* PBXContainerItemProxy */ = {
			isa = PBXContainerItemProxy;
			containerPortal = 62DE0EF61F84FEB300EA4F29 /* Apollo.xcodeproj */;
			proxyType = 2;
			remoteGlobalIDString = 9FC631331E6AE2080062707E;
			remoteInfo = ApolloPerformanceTests;
		};
		62DE0F091F84FEB300EA4F29 /* PBXContainerItemProxy */ = {
			isa = PBXContainerItemProxy;
			containerPortal = 62DE0EF61F84FEB300EA4F29 /* Apollo.xcodeproj */;
			proxyType = 2;
			remoteGlobalIDString = 9FCE2CFA1E6C213D00E34457;
			remoteInfo = StarWarsAPI;
		};
		62DE0F0B1F84FEB300EA4F29 /* PBXContainerItemProxy */ = {
			isa = PBXContainerItemProxy;
			containerPortal = 62DE0EF61F84FEB300EA4F29 /* Apollo.xcodeproj */;
			proxyType = 2;
			remoteGlobalIDString = 9FACA9C61F42E67200AE2DBD;
			remoteInfo = GitHubAPI;
		};
		62DE0F0D1F84FEB300EA4F29 /* PBXContainerItemProxy */ = {
			isa = PBXContainerItemProxy;
			containerPortal = 62DE0EF61F84FEB300EA4F29 /* Apollo.xcodeproj */;
			proxyType = 2;
			remoteGlobalIDString = 9FD637E11E6ACF88001EDBC8;
			remoteInfo = "TestHost iOS";
		};
		62DE0F0F1F84FEB300EA4F29 /* PBXContainerItemProxy */ = {
			isa = PBXContainerItemProxy;
			containerPortal = 62DE0EF61F84FEB300EA4F29 /* Apollo.xcodeproj */;
			proxyType = 2;
			remoteGlobalIDString = 9F8A95781EC0FC1200304A2D;
			remoteInfo = ApolloTestSupport;
		};
/* End PBXContainerItemProxy section */

/* Begin PBXCopyFilesBuildPhase section */
		6273096E1F8EAD2700DF2A76 /* Embed Frameworks */ = {
			isa = PBXCopyFilesBuildPhase;
			buildActionMask = 2147483647;
			dstPath = "";
			dstSubfolderSpec = 10;
			files = (
				626E73432005306200C420C0 /* Apollo.framework in Embed Frameworks */,
			);
			name = "Embed Frameworks";
			runOnlyForDeploymentPostprocessing = 0;
		};
/* End PBXCopyFilesBuildPhase section */

/* Begin PBXFileReference section */
		0CDA1364A5BF775232D8D7CD /* Pods_bierjohann.framework */ = {isa = PBXFileReference; explicitFileType = wrapper.framework; includeInIndex = 0; path = Pods_bierjohann.framework; sourceTree = BUILT_PRODUCTS_DIR; };
		62048A84201A3A9F00ED37CB /* FB-fLogo-Blue-broadcast-2.png */ = {isa = PBXFileReference; lastKnownFileType = image.png; name = "FB-fLogo-Blue-broadcast-2.png"; path = "../../../../../Downloads/FB-fLogo-Blue-broadcast-2.png"; sourceTree = "<group>"; };
		62048A8D201A3E9B00ED37CB /* maps_64dp.png */ = {isa = PBXFileReference; lastKnownFileType = image.png; name = maps_64dp.png; path = ../../../../../Downloads/maps_64dp.png; sourceTree = "<group>"; };
		62048A8F201A427800ED37CB /* InfoViewController.swift */ = {isa = PBXFileReference; lastKnownFileType = sourcecode.swift; path = InfoViewController.swift; sourceTree = "<group>"; };
		620BE8EA1FE40B2E00B1C1B9 /* iconmonstr-info-6-24.png */ = {isa = PBXFileReference; lastKnownFileType = image.png; name = "iconmonstr-info-6-24.png"; path = "../../../../../Downloads/iconmonstr-info-6-24.png"; sourceTree = "<group>"; };
		620BE8F31FE40BB300B1C1B9 /* iconmonstr-calendar-5-24.png */ = {isa = PBXFileReference; lastKnownFileType = image.png; name = "iconmonstr-calendar-5-24.png"; path = "../../../../../Downloads/iconmonstr-calendar-5-24.png"; sourceTree = "<group>"; };
		620BE8F51FE40F6B00B1C1B9 /* iconmonstr-home-6-24.png */ = {isa = PBXFileReference; lastKnownFileType = image.png; name = "iconmonstr-home-6-24.png"; path = "../../../../../Downloads/iconmonstr-home-6-24.png"; sourceTree = "<group>"; };
		6224C04E20042C1A00561FF5 /* Podfile */ = {isa = PBXFileReference; lastKnownFileType = text; path = Podfile; sourceTree = "<group>"; xcLanguageSpecificationIdentifier = xcode.lang.ruby; };
		623F1FD91F79630400FBA285 /* UtilityFunctionsTests.swift */ = {isa = PBXFileReference; lastKnownFileType = sourcecode.swift; path = UtilityFunctionsTests.swift; sourceTree = "<group>"; };
		62499E5B1F077D4800CC518B /* UtilityFunctions.swift */ = {isa = PBXFileReference; lastKnownFileType = sourcecode.swift; path = UtilityFunctions.swift; sourceTree = "<group>"; };
		624BEB281EF70CF6008FF485 /* BeerTableViewCell.swift */ = {isa = PBXFileReference; fileEncoding = 4; lastKnownFileType = sourcecode.swift; path = BeerTableViewCell.swift; sourceTree = "<group>"; };
		624BEB2A1EF71725008FF485 /* BeerTableViewController.swift */ = {isa = PBXFileReference; fileEncoding = 4; lastKnownFileType = sourcecode.swift; path = BeerTableViewController.swift; sourceTree = "<group>"; };
		6255886220223E3B000A61FC /* HomeViewController.swift */ = {isa = PBXFileReference; lastKnownFileType = sourcecode.swift; path = HomeViewController.swift; sourceTree = "<group>"; };
		6260F4E62010E26B00F657E5 /* NetworkReachability.swift */ = {isa = PBXFileReference; lastKnownFileType = sourcecode.swift; path = NetworkReachability.swift; sourceTree = "<group>"; };
		627309591F8E16E400DF2A76 /* graphql */ = {isa = PBXFileReference; lastKnownFileType = folder; path = graphql; sourceTree = "<group>"; };
		6273095C1F8E190A00DF2A76 /* rateBeerAPI.swift */ = {isa = PBXFileReference; lastKnownFileType = sourcecode.swift; name = rateBeerAPI.swift; path = resources/graphql/rateBeerAPI.swift; sourceTree = "<group>"; };
		627309611F8E26D600DF2A76 /* ApolloClient.swift */ = {isa = PBXFileReference; lastKnownFileType = sourcecode.swift; path = ApolloClient.swift; sourceTree = "<group>"; };
		628043912005252400FF81C8 /* SwiftSoup.framework */ = {isa = PBXFileReference; explicitFileType = wrapper.framework; path = SwiftSoup.framework; sourceTree = BUILT_PRODUCTS_DIR; };
		6282B34E1F7137CB00E1AD18 /* Beer.swift */ = {isa = PBXFileReference; lastKnownFileType = sourcecode.swift; path = Beer.swift; sourceTree = "<group>"; };
		629056BE1F6D3D4B00E66877 /* de */ = {isa = PBXFileReference; lastKnownFileType = text.plist.xml; name = de; path = de.lproj/Info.plist; sourceTree = "<group>"; };
		629056C91F6D3D4B00E66877 /* en */ = {isa = PBXFileReference; lastKnownFileType = text.plist.xml; name = en; path = en.lproj/Info.plist; sourceTree = "<group>"; };
		62932A5E1F6C14CC001082B1 /* Info.plist */ = {isa = PBXFileReference; lastKnownFileType = text.plist.xml; path = Info.plist; sourceTree = "<group>"; };
		62932A7E1F6C1BA4001082B1 /* Bierjohann_logo_claim.png */ = {isa = PBXFileReference; lastKnownFileType = image.png; path = Bierjohann_logo_claim.png; sourceTree = "<group>"; };
		62A933F01EF6E5430006934B /* bierjohann.app */ = {isa = PBXFileReference; explicitFileType = wrapper.application; includeInIndex = 0; path = bierjohann.app; sourceTree = BUILT_PRODUCTS_DIR; };
		62A933F31EF6E5430006934B /* AppDelegate.swift */ = {isa = PBXFileReference; lastKnownFileType = sourcecode.swift; path = AppDelegate.swift; sourceTree = "<group>"; };
		62A933F81EF6E5430006934B /* Base */ = {isa = PBXFileReference; lastKnownFileType = file.storyboard; name = Base; path = Base.lproj/Main.storyboard; sourceTree = "<group>"; };
		62A933FA1EF6E5430006934B /* Assets.xcassets */ = {isa = PBXFileReference; lastKnownFileType = folder.assetcatalog; path = Assets.xcassets; sourceTree = "<group>"; };
		62A933FD1EF6E5430006934B /* Base */ = {isa = PBXFileReference; lastKnownFileType = file.storyboard; name = Base; path = Base.lproj/LaunchScreen.storyboard; sourceTree = "<group>"; };
		62A934041EF6E5430006934B /* bierjohannTests.xctest */ = {isa = PBXFileReference; explicitFileType = wrapper.cfbundle; includeInIndex = 0; path = bierjohannTests.xctest; sourceTree = BUILT_PRODUCTS_DIR; };
		62A934081EF6E5430006934B /* bierjohannTests.swift */ = {isa = PBXFileReference; lastKnownFileType = sourcecode.swift; path = bierjohannTests.swift; sourceTree = "<group>"; };
		62A9340A1EF6E5430006934B /* Info.plist */ = {isa = PBXFileReference; lastKnownFileType = text.plist.xml; path = Info.plist; sourceTree = "<group>"; };
		62A9340F1EF6E5430006934B /* bierjohannUITests.xctest */ = {isa = PBXFileReference; explicitFileType = wrapper.cfbundle; includeInIndex = 0; path = bierjohannUITests.xctest; sourceTree = BUILT_PRODUCTS_DIR; };
		62A934131EF6E5430006934B /* bierjohannUITests.swift */ = {isa = PBXFileReference; lastKnownFileType = sourcecode.swift; path = bierjohannUITests.swift; sourceTree = "<group>"; };
		62A934151EF6E5430006934B /* Info.plist */ = {isa = PBXFileReference; lastKnownFileType = text.plist.xml; path = Info.plist; sourceTree = "<group>"; };
		62ABD3BF1FE3270C0024A791 /* iconmonstr-beer-4-240.png */ = {isa = PBXFileReference; lastKnownFileType = image.png; name = "iconmonstr-beer-4-240.png"; path = "../../../../../Downloads/iconmonstr-beer-4-240.png"; sourceTree = "<group>"; };
		62ABD3C81FE3280C0024A791 /* iconmonstr-beer-4-72.png */ = {isa = PBXFileReference; lastKnownFileType = image.png; name = "iconmonstr-beer-4-72.png"; path = "../../../../../Downloads/iconmonstr-beer-4-72.png"; sourceTree = "<group>"; };
		62ABD3CA1FE3287F0024A791 /* iconmonstr-beer-4-48.png */ = {isa = PBXFileReference; lastKnownFileType = image.png; name = "iconmonstr-beer-4-48.png"; path = "../../../../Downloads/iconmonstr-beer-4-48.png"; sourceTree = "<group>"; };
		62ABD3CC1FE328860024A791 /* iconmonstr-beer-4-48.png */ = {isa = PBXFileReference; lastKnownFileType = image.png; path = "iconmonstr-beer-4-48.png"; sourceTree = "<group>"; };
		62ABD3CD1FE329320024A791 /* iconmonstr-beer-4-24.png */ = {isa = PBXFileReference; lastKnownFileType = image.png; name = "iconmonstr-beer-4-24.png"; path = "../../../../../Downloads/iconmonstr-beer-4-24.png"; sourceTree = "<group>"; };
		62B91F2B1F6BDD8A0077A288 /* pl */ = {isa = PBXFileReference; lastKnownFileType = text.plist.strings; name = pl; path = pl.lproj/LaunchScreen.strings; sourceTree = "<group>"; };
		62B91F3E1F6BDEA40077A288 /* de */ = {isa = PBXFileReference; lastKnownFileType = text.plist.strings; name = de; path = de.lproj/Localizable.strings; sourceTree = "<group>"; };
		62B91F431F6BDEC60077A288 /* pl */ = {isa = PBXFileReference; lastKnownFileType = text.plist.strings; name = pl; path = pl.lproj/Localizable.strings; sourceTree = "<group>"; };
		62B91F491F6BE3BB0077A288 /* ko */ = {isa = PBXFileReference; lastKnownFileType = text.plist.strings; name = ko; path = ko.lproj/Localizable.strings; sourceTree = "<group>"; };
		62B91F4A1F6BE5C20077A288 /* en */ = {isa = PBXFileReference; lastKnownFileType = text.plist.strings; name = en; path = en.lproj/Localizable.strings; sourceTree = "<group>"; };
		62BB33001FE5634500F87699 /* EventTableViewController.swift */ = {isa = PBXFileReference; lastKnownFileType = sourcecode.swift; path = EventTableViewController.swift; sourceTree = "<group>"; };
		62BB33041FE5737400F87699 /* Event.swift */ = {isa = PBXFileReference; lastKnownFileType = sourcecode.swift; path = Event.swift; sourceTree = "<group>"; };
		62BB330C1FE583DD00F87699 /* EventTableViewCell.swift */ = {isa = PBXFileReference; lastKnownFileType = sourcecode.swift; path = EventTableViewCell.swift; sourceTree = "<group>"; };
		62C436AC2012367D002837AE /* EventDetailViewController.swift */ = {isa = PBXFileReference; lastKnownFileType = sourcecode.swift; path = EventDetailViewController.swift; sourceTree = "<group>"; };
		62D09E9D1F6A79BC009ED355 /* de */ = {isa = PBXFileReference; lastKnownFileType = text.plist.strings; name = de; path = de.lproj/LaunchScreen.strings; sourceTree = "<group>"; };
		62D09EA11F6A80F6009ED355 /* ko */ = {isa = PBXFileReference; lastKnownFileType = text.plist.strings; name = ko; path = ko.lproj/LaunchScreen.strings; sourceTree = "<group>"; };
		62D630A01F86883200E9087C /* Extensions.swift */ = {isa = PBXFileReference; lastKnownFileType = sourcecode.swift; path = Extensions.swift; sourceTree = "<group>"; };
		62D938AD2019168E0070C629 /* bierrevier_logo.png */ = {isa = PBXFileReference; lastKnownFileType = image.png; name = bierrevier_logo.png; path = ../../../../../Desktop/bierrevier_logo.png; sourceTree = "<group>"; };
		62D938B620191E8E0070C629 /* bierrevier_logo_24.png */ = {isa = PBXFileReference; lastKnownFileType = image.png; name = bierrevier_logo_24.png; path = ../../../../../Desktop/bierrevier_logo_24.png; sourceTree = "<group>"; };
		62D938B820191F1E0070C629 /* markthalle-logo_24.png */ = {isa = PBXFileReference; lastKnownFileType = image.png; name = "markthalle-logo_24.png"; path = "../../../../Downloads/markthalle-logo_24.png"; sourceTree = "<group>"; };
		62D938BA20191F3D0070C629 /* markthalle-logo_24.png */ = {isa = PBXFileReference; lastKnownFileType = image.png; path = "markthalle-logo_24.png"; sourceTree = "<group>"; };
		62D938BB20191F3D0070C629 /* iconmonstr-beer-4-48.png */ = {isa = PBXFileReference; lastKnownFileType = image.png; name = "iconmonstr-beer-4-48.png"; path = "../../../../../Downloads/iconmonstr-beer-4-48.png"; sourceTree = "<group>"; };
		62D938BE201A2F6F0070C629 /* BierrevierViewController.swift */ = {isa = PBXFileReference; lastKnownFileType = sourcecode.swift; path = BierrevierViewController.swift; sourceTree = "<group>"; };
		62DE0EF61F84FEB300EA4F29 /* Apollo.xcodeproj */ = {isa = PBXFileReference; lastKnownFileType = "wrapper.pb-project"; name = Apollo.xcodeproj; path = "../apollo-ios/Apollo.xcodeproj"; sourceTree = "<group>"; };
		62F66AC61F9BAABD00395682 /* Obfuscator.swift */ = {isa = PBXFileReference; fileEncoding = 4; lastKnownFileType = sourcecode.swift; path = Obfuscator.swift; sourceTree = "<group>"; };
		62F66AD31F9CCC1A00395682 /* NSActions.swift */ = {isa = PBXFileReference; lastKnownFileType = sourcecode.swift; path = NSActions.swift; sourceTree = "<group>"; };
		62F66ADA1F9CCF2100395682 /* Constants.swift */ = {isa = PBXFileReference; lastKnownFileType = sourcecode.swift; path = Constants.swift; sourceTree = "<group>"; };
		62F66ADD1F9CD2D700395682 /* StringUtilities.swift */ = {isa = PBXFileReference; lastKnownFileType = sourcecode.swift; path = StringUtilities.swift; sourceTree = "<group>"; };
		62F66AE01F9D50DC00395682 /* BeerDetailViewController.swift */ = {isa = PBXFileReference; lastKnownFileType = sourcecode.swift; path = BeerDetailViewController.swift; sourceTree = "<group>"; };
		7C632BD6256FAA1A911DF55D /* Pods-bierjohann.release.xcconfig */ = {isa = PBXFileReference; includeInIndex = 1; lastKnownFileType = text.xcconfig; name = "Pods-bierjohann.release.xcconfig"; path = "Pods/Target Support Files/Pods-bierjohann/Pods-bierjohann.release.xcconfig"; sourceTree = "<group>"; };
		A3D684A8716F0AFD5EA5A73F /* Pods-bierjohann.debug.xcconfig */ = {isa = PBXFileReference; includeInIndex = 1; lastKnownFileType = text.xcconfig; name = "Pods-bierjohann.debug.xcconfig"; path = "Pods/Target Support Files/Pods-bierjohann/Pods-bierjohann.debug.xcconfig"; sourceTree = "<group>"; };
/* End PBXFileReference section */

/* Begin PBXFrameworksBuildPhase section */
		62A933ED1EF6E5420006934B /* Frameworks */ = {
			isa = PBXFrameworksBuildPhase;
			buildActionMask = 2147483647;
			files = (
				6280438F200524EB00FF81C8 /* Apollo.framework in Frameworks */,
				8BF7B49BFE3D274B980C16F5 /* Pods_bierjohann.framework in Frameworks */,
			);
			runOnlyForDeploymentPostprocessing = 0;
		};
		62A934011EF6E5430006934B /* Frameworks */ = {
			isa = PBXFrameworksBuildPhase;
			buildActionMask = 2147483647;
			files = (
			);
			runOnlyForDeploymentPostprocessing = 0;
		};
		62A9340C1EF6E5430006934B /* Frameworks */ = {
			isa = PBXFrameworksBuildPhase;
			buildActionMask = 2147483647;
			files = (
			);
			runOnlyForDeploymentPostprocessing = 0;
		};
/* End PBXFrameworksBuildPhase section */

/* Begin PBXGroup section */
		622E60C81F8294E300DB67B8 /* Frameworks */ = {
			isa = PBXGroup;
			children = (
				628043912005252400FF81C8 /* SwiftSoup.framework */,
				62DE0EF61F84FEB300EA4F29 /* Apollo.xcodeproj */,
				0CDA1364A5BF775232D8D7CD /* Pods_bierjohann.framework */,
			);
			name = Frameworks;
			sourceTree = "<group>";
		};
		62932A811F6C1D22001082B1 /* resources */ = {
			isa = PBXGroup;
			children = (
				62048A8D201A3E9B00ED37CB /* maps_64dp.png */,
				62048A84201A3A9F00ED37CB /* FB-fLogo-Blue-broadcast-2.png */,
				62D938BA20191F3D0070C629 /* markthalle-logo_24.png */,
				62D938BB20191F3D0070C629 /* iconmonstr-beer-4-48.png */,
				62D938AD2019168E0070C629 /* bierrevier_logo.png */,
				620BE8F51FE40F6B00B1C1B9 /* iconmonstr-home-6-24.png */,
				62D938B620191E8E0070C629 /* bierrevier_logo_24.png */,
				620BE8F31FE40BB300B1C1B9 /* iconmonstr-calendar-5-24.png */,
				620BE8EA1FE40B2E00B1C1B9 /* iconmonstr-info-6-24.png */,
				62ABD3CD1FE329320024A791 /* iconmonstr-beer-4-24.png */,
				62ABD3BF1FE3270C0024A791 /* iconmonstr-beer-4-240.png */,
				62ABD3C81FE3280C0024A791 /* iconmonstr-beer-4-72.png */,
				62ABD3CC1FE328860024A791 /* iconmonstr-beer-4-48.png */,
				627309591F8E16E400DF2A76 /* graphql */,
				62932A7E1F6C1BA4001082B1 /* Bierjohann_logo_claim.png */,
			);
			path = resources;
			sourceTree = "<group>";
		};
		62A933E71EF6E5420006934B = {
			isa = PBXGroup;
			children = (
				6224C04E20042C1A00561FF5 /* Podfile */,
				62A933F21EF6E5430006934B /* bierjohann */,
				62A934071EF6E5430006934B /* bierjohannTests */,
				62A934121EF6E5430006934B /* bierjohannUITests */,
				62A933F11EF6E5430006934B /* Products */,
				622E60C81F8294E300DB67B8 /* Frameworks */,
				B4CE7B6D29BEDE6D11446959 /* Pods */,
			);
			sourceTree = "<group>";
		};
		62A933F11EF6E5430006934B /* Products */ = {
			isa = PBXGroup;
			children = (
				62A933F01EF6E5430006934B /* bierjohann.app */,
				62A934041EF6E5430006934B /* bierjohannTests.xctest */,
				62A9340F1EF6E5430006934B /* bierjohannUITests.xctest */,
			);
			name = Products;
			sourceTree = "<group>";
		};
		62A933F21EF6E5430006934B /* bierjohann */ = {
			isa = PBXGroup;
			children = (
				629056BD1F6D3D4B00E66877 /* Info.plist */,
				62932A811F6C1D22001082B1 /* resources */,
				62B91F3F1F6BDEA40077A288 /* Localizable.strings */,
				62A933F31EF6E5430006934B /* AppDelegate.swift */,
				62A933F71EF6E5430006934B /* Main.storyboard */,
				6255886220223E3B000A61FC /* HomeViewController.swift */,
				62048A8F201A427800ED37CB /* InfoViewController.swift */,
				62D938BE201A2F6F0070C629 /* BierrevierViewController.swift */,
				62D938B820191F1E0070C629 /* markthalle-logo_24.png */,
				62ABD3CA1FE3287F0024A791 /* iconmonstr-beer-4-48.png */,
				62A933FC1EF6E5430006934B /* LaunchScreen.storyboard */,
				62F66ADA1F9CCF2100395682 /* Constants.swift */,
				62F66AC61F9BAABD00395682 /* Obfuscator.swift */,
				62BB330A1FE5795E00F87699 /* classes */,
				62F66AE01F9D50DC00395682 /* BeerDetailViewController.swift */,
				624BEB281EF70CF6008FF485 /* BeerTableViewCell.swift */,
				624BEB2A1EF71725008FF485 /* BeerTableViewController.swift */,
				62BB330B1FE5799E00F87699 /* utils */,
				627309611F8E26D600DF2A76 /* ApolloClient.swift */,
				62D630A01F86883200E9087C /* Extensions.swift */,
				62F66AD31F9CCC1A00395682 /* NSActions.swift */,
				6273095C1F8E190A00DF2A76 /* rateBeerAPI.swift */,
				62A933FA1EF6E5430006934B /* Assets.xcassets */,
				62932A5E1F6C14CC001082B1 /* Info.plist */,
				62C436AC2012367D002837AE /* EventDetailViewController.swift */,
				62BB330C1FE583DD00F87699 /* EventTableViewCell.swift */,
				62BB33001FE5634500F87699 /* EventTableViewController.swift */,
				6260F4E62010E26B00F657E5 /* NetworkReachability.swift */,
			);
			path = bierjohann;
			sourceTree = "<group>";
		};
		62A934071EF6E5430006934B /* bierjohannTests */ = {
			isa = PBXGroup;
			children = (
				62A934081EF6E5430006934B /* bierjohannTests.swift */,
				62A9340A1EF6E5430006934B /* Info.plist */,
				623F1FD91F79630400FBA285 /* UtilityFunctionsTests.swift */,
			);
			path = bierjohannTests;
			sourceTree = "<group>";
		};
		62A934121EF6E5430006934B /* bierjohannUITests */ = {
			isa = PBXGroup;
			children = (
				62A934131EF6E5430006934B /* bierjohannUITests.swift */,
				62A934151EF6E5430006934B /* Info.plist */,
			);
			path = bierjohannUITests;
			sourceTree = "<group>";
		};
		62BB330A1FE5795E00F87699 /* classes */ = {
			isa = PBXGroup;
			children = (
				6282B34E1F7137CB00E1AD18 /* Beer.swift */,
				62BB33041FE5737400F87699 /* Event.swift */,
			);
			name = classes;
			path = "New Group";
			sourceTree = "<group>";
		};
		62BB330B1FE5799E00F87699 /* utils */ = {
			isa = PBXGroup;
			children = (
				62499E5B1F077D4800CC518B /* UtilityFunctions.swift */,
				62F66ADD1F9CD2D700395682 /* StringUtilities.swift */,
			);
			path = utils;
			sourceTree = "<group>";
		};
		62DE0EF71F84FEB300EA4F29 /* Products */ = {
			isa = PBXGroup;
			children = (
				62DE0F021F84FEB300EA4F29 /* Apollo.framework */,
				62DE0F041F84FEB300EA4F29 /* ApolloTests.xctest */,
				62DE0F061F84FEB300EA4F29 /* ApolloCacheDependentTests.xctest */,
				62DE0F081F84FEB300EA4F29 /* ApolloPerformanceTests.xctest */,
				62DE0F0A1F84FEB300EA4F29 /* StarWarsAPI.framework */,
				62DE0F0C1F84FEB300EA4F29 /* GitHubAPI.framework */,
				62DE0F0E1F84FEB300EA4F29 /* TestHost iOS.app */,
				62DE0F101F84FEB300EA4F29 /* ApolloTestSupport.framework */,
			);
			name = Products;
			sourceTree = "<group>";
		};
		B4CE7B6D29BEDE6D11446959 /* Pods */ = {
			isa = PBXGroup;
			children = (
				A3D684A8716F0AFD5EA5A73F /* Pods-bierjohann.debug.xcconfig */,
				7C632BD6256FAA1A911DF55D /* Pods-bierjohann.release.xcconfig */,
			);
			name = Pods;
			sourceTree = "<group>";
		};
/* End PBXGroup section */

/* Begin PBXNativeTarget section */
		62A933EF1EF6E5420006934B /* bierjohann */ = {
			isa = PBXNativeTarget;
			buildConfigurationList = 62A934181EF6E5430006934B /* Build configuration list for PBXNativeTarget "bierjohann" */;
			buildPhases = (
				F51BCF5275D1347765DA0B3B /* [CP] Check Pods Manifest.lock */,
				622E60CA1F82954100DB67B8 /* Generate Apollo GraphQL API */,
				62A933EC1EF6E5420006934B /* Sources */,
				62A933ED1EF6E5420006934B /* Frameworks */,
				62A933EE1EF6E5420006934B /* Resources */,
				6273096E1F8EAD2700DF2A76 /* Embed Frameworks */,
				8BBD69CF71271A2CD01633F1 /* [CP] Embed Pods Frameworks */,
				3C871DE2900683C77CBB2488 /* [CP] Copy Pods Resources */,
			);
			buildRules = (
			);
			dependencies = (
				626E73452005306900C420C0 /* PBXTargetDependency */,
			);
			name = bierjohann;
			productName = bierjohann;
			productReference = 62A933F01EF6E5430006934B /* bierjohann.app */;
			productType = "com.apple.product-type.application";
		};
		62A934031EF6E5430006934B /* bierjohannTests */ = {
			isa = PBXNativeTarget;
			buildConfigurationList = 62A9341B1EF6E5430006934B /* Build configuration list for PBXNativeTarget "bierjohannTests" */;
			buildPhases = (
				62A934001EF6E5430006934B /* Sources */,
				62A934011EF6E5430006934B /* Frameworks */,
				62A934021EF6E5430006934B /* Resources */,
			);
			buildRules = (
			);
			dependencies = (
				62A934061EF6E5430006934B /* PBXTargetDependency */,
			);
			name = bierjohannTests;
			productName = bierjohannTests;
			productReference = 62A934041EF6E5430006934B /* bierjohannTests.xctest */;
			productType = "com.apple.product-type.bundle.unit-test";
		};
		62A9340E1EF6E5430006934B /* bierjohannUITests */ = {
			isa = PBXNativeTarget;
			buildConfigurationList = 62A9341E1EF6E5430006934B /* Build configuration list for PBXNativeTarget "bierjohannUITests" */;
			buildPhases = (
				62A9340B1EF6E5430006934B /* Sources */,
				62A9340C1EF6E5430006934B /* Frameworks */,
				62A9340D1EF6E5430006934B /* Resources */,
			);
			buildRules = (
			);
			dependencies = (
				62A934111EF6E5430006934B /* PBXTargetDependency */,
			);
			name = bierjohannUITests;
			productName = bierjohannUITests;
			productReference = 62A9340F1EF6E5430006934B /* bierjohannUITests.xctest */;
			productType = "com.apple.product-type.bundle.ui-testing";
		};
/* End PBXNativeTarget section */

/* Begin PBXProject section */
		62A933E81EF6E5420006934B /* Project object */ = {
			isa = PBXProject;
			attributes = {
				LastSwiftUpdateCheck = 0820;
				LastUpgradeCheck = 0900;
				ORGANIZATIONNAME = "Manuel Kohler";
				TargetAttributes = {
					62A933EF1EF6E5420006934B = {
						CreatedOnToolsVersion = 8.2.1;
						LastSwiftMigration = 0900;
						ProvisioningStyle = Manual;
					};
					62A934031EF6E5430006934B = {
						CreatedOnToolsVersion = 8.2.1;
						LastSwiftMigration = 0900;
						ProvisioningStyle = Manual;
						TestTargetID = 62A933EF1EF6E5420006934B;
					};
					62A9340E1EF6E5430006934B = {
						CreatedOnToolsVersion = 8.2.1;
						LastSwiftMigration = 0900;
						ProvisioningStyle = Automatic;
						TestTargetID = 62A933EF1EF6E5420006934B;
					};
				};
			};
			buildConfigurationList = 62A933EB1EF6E5420006934B /* Build configuration list for PBXProject "bierjohann" */;
			compatibilityVersion = "Xcode 8.0";
			developmentRegion = English;
			hasScannedForEncodings = 0;
			knownRegions = (
				en,
				Base,
				de,
				ko,
				pl,
			);
			mainGroup = 62A933E71EF6E5420006934B;
			productRefGroup = 62A933F11EF6E5430006934B /* Products */;
			projectDirPath = "";
			projectReferences = (
				{
					ProductGroup = 62DE0EF71F84FEB300EA4F29 /* Products */;
					ProjectRef = 62DE0EF61F84FEB300EA4F29 /* Apollo.xcodeproj */;
				},
			);
			projectRoot = "";
			targets = (
				62A933EF1EF6E5420006934B /* bierjohann */,
				62A934031EF6E5430006934B /* bierjohannTests */,
				62A9340E1EF6E5430006934B /* bierjohannUITests */,
			);
		};
/* End PBXProject section */

/* Begin PBXReferenceProxy section */
		62DE0F021F84FEB300EA4F29 /* Apollo.framework */ = {
			isa = PBXReferenceProxy;
			fileType = wrapper.framework;
			path = Apollo.framework;
			remoteRef = 62DE0F011F84FEB300EA4F29 /* PBXContainerItemProxy */;
			sourceTree = BUILT_PRODUCTS_DIR;
		};
		62DE0F041F84FEB300EA4F29 /* ApolloTests.xctest */ = {
			isa = PBXReferenceProxy;
			fileType = wrapper.cfbundle;
			path = ApolloTests.xctest;
			remoteRef = 62DE0F031F84FEB300EA4F29 /* PBXContainerItemProxy */;
			sourceTree = BUILT_PRODUCTS_DIR;
		};
		62DE0F061F84FEB300EA4F29 /* ApolloCacheDependentTests.xctest */ = {
			isa = PBXReferenceProxy;
			fileType = wrapper.cfbundle;
			path = ApolloCacheDependentTests.xctest;
			remoteRef = 62DE0F051F84FEB300EA4F29 /* PBXContainerItemProxy */;
			sourceTree = BUILT_PRODUCTS_DIR;
		};
		62DE0F081F84FEB300EA4F29 /* ApolloPerformanceTests.xctest */ = {
			isa = PBXReferenceProxy;
			fileType = wrapper.cfbundle;
			path = ApolloPerformanceTests.xctest;
			remoteRef = 62DE0F071F84FEB300EA4F29 /* PBXContainerItemProxy */;
			sourceTree = BUILT_PRODUCTS_DIR;
		};
		62DE0F0A1F84FEB300EA4F29 /* StarWarsAPI.framework */ = {
			isa = PBXReferenceProxy;
			fileType = wrapper.framework;
			path = StarWarsAPI.framework;
			remoteRef = 62DE0F091F84FEB300EA4F29 /* PBXContainerItemProxy */;
			sourceTree = BUILT_PRODUCTS_DIR;
		};
		62DE0F0C1F84FEB300EA4F29 /* GitHubAPI.framework */ = {
			isa = PBXReferenceProxy;
			fileType = wrapper.framework;
			path = GitHubAPI.framework;
			remoteRef = 62DE0F0B1F84FEB300EA4F29 /* PBXContainerItemProxy */;
			sourceTree = BUILT_PRODUCTS_DIR;
		};
		62DE0F0E1F84FEB300EA4F29 /* TestHost iOS.app */ = {
			isa = PBXReferenceProxy;
			fileType = wrapper.application;
			path = "TestHost iOS.app";
			remoteRef = 62DE0F0D1F84FEB300EA4F29 /* PBXContainerItemProxy */;
			sourceTree = BUILT_PRODUCTS_DIR;
		};
		62DE0F101F84FEB300EA4F29 /* ApolloTestSupport.framework */ = {
			isa = PBXReferenceProxy;
			fileType = wrapper.framework;
			path = ApolloTestSupport.framework;
			remoteRef = 62DE0F0F1F84FEB300EA4F29 /* PBXContainerItemProxy */;
			sourceTree = BUILT_PRODUCTS_DIR;
		};
/* End PBXReferenceProxy section */

/* Begin PBXResourcesBuildPhase section */
		62A933EE1EF6E5420006934B /* Resources */ = {
			isa = PBXResourcesBuildPhase;
			buildActionMask = 2147483647;
			files = (
				62A933FE1EF6E5430006934B /* LaunchScreen.storyboard in Resources */,
				62D938B920191F1E0070C629 /* markthalle-logo_24.png in Resources */,
				62ABD3CE1FE329320024A791 /* iconmonstr-beer-4-24.png in Resources */,
				62D938B52019168F0070C629 /* bierrevier_logo.png in Resources */,
				62B91F3D1F6BDEA40077A288 /* Localizable.strings in Resources */,
				62A933FB1EF6E5430006934B /* Assets.xcassets in Resources */,
				62048A8E201A3E9B00ED37CB /* maps_64dp.png in Resources */,
				620BE8F21FE40B2F00B1C1B9 /* iconmonstr-info-6-24.png in Resources */,
				62ABD3C71FE3270C0024A791 /* iconmonstr-beer-4-240.png in Resources */,
				62ABD3CB1FE328800024A791 /* iconmonstr-beer-4-48.png in Resources */,
				620BE8F61FE40F6B00B1C1B9 /* iconmonstr-home-6-24.png in Resources */,
				62A933F91EF6E5430006934B /* Main.storyboard in Resources */,
				6224C04F20042C1A00561FF5 /* Podfile in Resources */,
				620BE8F41FE40BB300B1C1B9 /* iconmonstr-calendar-5-24.png in Resources */,
				62932A7F1F6C1BA4001082B1 /* Bierjohann_logo_claim.png in Resources */,
				62ABD3C91FE3280C0024A791 /* iconmonstr-beer-4-72.png in Resources */,
				62D938B720191E8E0070C629 /* bierrevier_logo_24.png in Resources */,
				62048A8C201A3A9F00ED37CB /* FB-fLogo-Blue-broadcast-2.png in Resources */,
			);
			runOnlyForDeploymentPostprocessing = 0;
		};
		62A934021EF6E5430006934B /* Resources */ = {
			isa = PBXResourcesBuildPhase;
			buildActionMask = 2147483647;
			files = (
			);
			runOnlyForDeploymentPostprocessing = 0;
		};
		62A9340D1EF6E5430006934B /* Resources */ = {
			isa = PBXResourcesBuildPhase;
			buildActionMask = 2147483647;
			files = (
			);
			runOnlyForDeploymentPostprocessing = 0;
		};
/* End PBXResourcesBuildPhase section */

/* Begin PBXShellScriptBuildPhase section */
		3C871DE2900683C77CBB2488 /* [CP] Copy Pods Resources */ = {
			isa = PBXShellScriptBuildPhase;
			buildActionMask = 2147483647;
			files = (
			);
			inputPaths = (
			);
			name = "[CP] Copy Pods Resources";
			outputPaths = (
			);
			runOnlyForDeploymentPostprocessing = 0;
			shellPath = /bin/sh;
			shellScript = "\"${SRCROOT}/Pods/Target Support Files/Pods-bierjohann/Pods-bierjohann-resources.sh\"\n";
			showEnvVarsInLog = 0;
		};
		622E60CA1F82954100DB67B8 /* Generate Apollo GraphQL API */ = {
			isa = PBXShellScriptBuildPhase;
			buildActionMask = 12;
			files = (
			);
			inputPaths = (
				/Users/kohleman/Documents/iOS_Playground/bierjohann/bierjohann/resources/graphql/schema.json,
			);
			name = "Generate Apollo GraphQL API";
			outputPaths = (
				" /Users/kohleman/Documents/iOS_Playground/bierjohann/bierjohann/resources/graphql/rateBeerAPI.swift",
			);
			runOnlyForDeploymentPostprocessing = 0;
			shellPath = /bin/bash;
			shellScript = "APOLLO_FRAMEWORK_PATH=\"$(eval find $FRAMEWORK_SEARCH_PATHS -name \"Apollo.framework\" -maxdepth 1)\"\n\nif [ -z \"$APOLLO_FRAMEWORK_PATH\" ]; then\necho \"error: Couldn't find Apollo.framework in FRAMEWORK_SEARCH_PATHS; make sure to add the framework to your project.\"\nexit 1\nfi\n\necho \" Using Apollo from the following path: ${APOLLO_FRAMEWORK_PATH}\"\necho \"cd to ${SRCROOT}/${TARGET_NAME}\"\n\ncd \"${SRCROOT}/${TARGET_NAME}\"\n#$APOLLO_FRAMEWORK_PATH/check-and-run-apollo-codegen.sh generate $(find /Users/kohleman/Documents/iOS_Playground/bierjohann/bierjohann/resources/graphql/ -name '*.graphql') --schema /Users/kohleman/Documents/iOS_Playground/bierjohann/bierjohann/resources/graphql/schema.json --output /Users/kohleman/Documents/iOS_Playground/bierjohann/bierjohann/resources/graphql/rateBeerAPI.swift\n\n#  Running it manually from bash works:\n# /Users/kohleman/Library/Developer/Xcode/DerivedData/bierjohann-diqajjmsryfttkghujdbahfnklkv/Build/Products/Debug-iphonesimulator/Apollo.framework/check-and-run-apollo-codegen.sh generate $(find /Users/kohleman/Documents/iOS_Playground/bierjohann/bierjohann/resources/graphql/ -name '*.graphql') --schema /Users/kohleman/Documents/iOS_Playground/bierjohann/bierjohann/resources/graphql/schema.json --output /Users/kohleman/Documents/iOS_Playground/bierjohann/bierjohann/resources/graphql/rateBeerAPI.swift";
		};
		8BBD69CF71271A2CD01633F1 /* [CP] Embed Pods Frameworks */ = {
			isa = PBXShellScriptBuildPhase;
			buildActionMask = 2147483647;
			files = (
			);
			inputPaths = (
				"${SRCROOT}/Pods/Target Support Files/Pods-bierjohann/Pods-bierjohann-frameworks.sh",
				"${BUILT_PRODUCTS_DIR}/Apollo/Apollo.framework",
				"${BUILT_PRODUCTS_DIR}/SwiftSoup/SwiftSoup.framework",
			);
			name = "[CP] Embed Pods Frameworks";
			outputPaths = (
				"${TARGET_BUILD_DIR}/${FRAMEWORKS_FOLDER_PATH}/Apollo.framework",
				"${TARGET_BUILD_DIR}/${FRAMEWORKS_FOLDER_PATH}/SwiftSoup.framework",
			);
			runOnlyForDeploymentPostprocessing = 0;
			shellPath = /bin/sh;
			shellScript = "\"${SRCROOT}/Pods/Target Support Files/Pods-bierjohann/Pods-bierjohann-frameworks.sh\"\n";
			showEnvVarsInLog = 0;
		};
		F51BCF5275D1347765DA0B3B /* [CP] Check Pods Manifest.lock */ = {
			isa = PBXShellScriptBuildPhase;
			buildActionMask = 2147483647;
			files = (
			);
			inputPaths = (
				"${PODS_PODFILE_DIR_PATH}/Podfile.lock",
				"${PODS_ROOT}/Manifest.lock",
			);
			name = "[CP] Check Pods Manifest.lock";
			outputPaths = (
				"$(DERIVED_FILE_DIR)/Pods-bierjohann-checkManifestLockResult.txt",
			);
			runOnlyForDeploymentPostprocessing = 0;
			shellPath = /bin/sh;
			shellScript = "diff \"${PODS_PODFILE_DIR_PATH}/Podfile.lock\" \"${PODS_ROOT}/Manifest.lock\" > /dev/null\nif [ $? != 0 ] ; then\n    # print error to STDERR\n    echo \"error: The sandbox is not in sync with the Podfile.lock. Run 'pod install' or update your CocoaPods installation.\" >&2\n    exit 1\nfi\n# This output is used by Xcode 'outputs' to avoid re-running this script phase.\necho \"SUCCESS\" > \"${SCRIPT_OUTPUT_FILE_0}\"\n";
			showEnvVarsInLog = 0;
		};
/* End PBXShellScriptBuildPhase section */

/* Begin PBXSourcesBuildPhase section */
		62A933EC1EF6E5420006934B /* Sources */ = {
			isa = PBXSourcesBuildPhase;
			buildActionMask = 2147483647;
			files = (
				62F66AD41F9CCC1B00395682 /* NSActions.swift in Sources */,
				62C436AD2012367D002837AE /* EventDetailViewController.swift in Sources */,
				62F66ADB1F9CCF2100395682 /* Constants.swift in Sources */,
				6273095F1F8E19AB00DF2A76 /* rateBeerAPI.swift in Sources */,
				627309631F8E277000DF2A76 /* ApolloClient.swift in Sources */,
				6255886320223E3B000A61FC /* HomeViewController.swift in Sources */,
				62F66AD11F9BAB0800395682 /* Obfuscator.swift in Sources */,
				6260F4E72010E26B00F657E5 /* NetworkReachability.swift in Sources */,
				62499E5C1F077D4800CC518B /* UtilityFunctions.swift in Sources */,
				626F05CC1F7A976000753621 /* BeerTableViewController.swift in Sources */,
				62048A90201A427800ED37CB /* InfoViewController.swift in Sources */,
				62F66ADE1F9CD2D700395682 /* StringUtilities.swift in Sources */,
				62BB33081FE5776C00F87699 /* EventTableViewController.swift in Sources */,
				626F05CB1F7A975A00753621 /* Beer.swift in Sources */,
				62BB330D1FE583DD00F87699 /* EventTableViewCell.swift in Sources */,
				62A933F41EF6E5430006934B /* AppDelegate.swift in Sources */,
				626F05CF1F7A982A00753621 /* BeerTableViewCell.swift in Sources */,
				62BB33051FE5737400F87699 /* Event.swift in Sources */,
				62D630A11F86883200E9087C /* Extensions.swift in Sources */,
				62D938BF201A2F6F0070C629 /* BierrevierViewController.swift in Sources */,
				62F66AE11F9D50DC00395682 /* BeerDetailViewController.swift in Sources */,
			);
			runOnlyForDeploymentPostprocessing = 0;
		};
		62A934001EF6E5430006934B /* Sources */ = {
			isa = PBXSourcesBuildPhase;
			buildActionMask = 2147483647;
			files = (
				62A934091EF6E5430006934B /* bierjohannTests.swift in Sources */,
				62F66ADF1F9CD2D700395682 /* StringUtilities.swift in Sources */,
				62F66AE21F9D50DC00395682 /* BeerDetailViewController.swift in Sources */,
				62BB33061FE5737400F87699 /* Event.swift in Sources */,
				627309641F8E277100DF2A76 /* ApolloClient.swift in Sources */,
				623F1FDA1F79630400FBA285 /* UtilityFunctionsTests.swift in Sources */,
				626F05C61F7A947500753621 /* UtilityFunctions.swift in Sources */,
				62BB33021FE5634500F87699 /* EventTableViewController.swift in Sources */,
				62F66AD51F9CCC1B00395682 /* NSActions.swift in Sources */,
				626F05CE1F7A977E00753621 /* Beer.swift in Sources */,
				627309601F8E19AC00DF2A76 /* rateBeerAPI.swift in Sources */,
				62F66AD21F9BAB0900395682 /* Obfuscator.swift in Sources */,
				62F66ADC1F9CCF2100395682 /* Constants.swift in Sources */,
			);
			runOnlyForDeploymentPostprocessing = 0;
		};
		62A9340B1EF6E5430006934B /* Sources */ = {
			isa = PBXSourcesBuildPhase;
			buildActionMask = 2147483647;
			files = (
				62BB33071FE5737400F87699 /* Event.swift in Sources */,
				62A934141EF6E5430006934B /* bierjohannUITests.swift in Sources */,
			);
			runOnlyForDeploymentPostprocessing = 0;
		};
/* End PBXSourcesBuildPhase section */

/* Begin PBXTargetDependency section */
		626E73452005306900C420C0 /* PBXTargetDependency */ = {
			isa = PBXTargetDependency;
			name = Apollo;
			targetProxy = 626E73442005306900C420C0 /* PBXContainerItemProxy */;
		};
		62A934061EF6E5430006934B /* PBXTargetDependency */ = {
			isa = PBXTargetDependency;
			target = 62A933EF1EF6E5420006934B /* bierjohann */;
			targetProxy = 62A934051EF6E5430006934B /* PBXContainerItemProxy */;
		};
		62A934111EF6E5430006934B /* PBXTargetDependency */ = {
			isa = PBXTargetDependency;
			target = 62A933EF1EF6E5420006934B /* bierjohann */;
			targetProxy = 62A934101EF6E5430006934B /* PBXContainerItemProxy */;
		};
/* End PBXTargetDependency section */

/* Begin PBXVariantGroup section */
		629056BD1F6D3D4B00E66877 /* Info.plist */ = {
			isa = PBXVariantGroup;
			children = (
				629056BE1F6D3D4B00E66877 /* de */,
				629056C91F6D3D4B00E66877 /* en */,
			);
			name = Info.plist;
			sourceTree = "<group>";
		};
		62A933F71EF6E5430006934B /* Main.storyboard */ = {
			isa = PBXVariantGroup;
			children = (
				62A933F81EF6E5430006934B /* Base */,
			);
			name = Main.storyboard;
			sourceTree = "<group>";
		};
		62A933FC1EF6E5430006934B /* LaunchScreen.storyboard */ = {
			isa = PBXVariantGroup;
			children = (
				62A933FD1EF6E5430006934B /* Base */,
				62D09E9D1F6A79BC009ED355 /* de */,
				62D09EA11F6A80F6009ED355 /* ko */,
				62B91F2B1F6BDD8A0077A288 /* pl */,
			);
			name = LaunchScreen.storyboard;
			sourceTree = "<group>";
		};
		62B91F3F1F6BDEA40077A288 /* Localizable.strings */ = {
			isa = PBXVariantGroup;
			children = (
				62B91F3E1F6BDEA40077A288 /* de */,
				62B91F431F6BDEC60077A288 /* pl */,
				62B91F491F6BE3BB0077A288 /* ko */,
				62B91F4A1F6BE5C20077A288 /* en */,
			);
			name = Localizable.strings;
			sourceTree = "<group>";
		};
/* End PBXVariantGroup section */

/* Begin XCBuildConfiguration section */
		62A934161EF6E5430006934B /* Debug */ = {
			isa = XCBuildConfiguration;
			buildSettings = {
				ALWAYS_SEARCH_USER_PATHS = NO;
				CLANG_ANALYZER_LOCALIZABILITY_NONLOCALIZED = YES;
				CLANG_ANALYZER_NONNULL = YES;
				CLANG_CXX_LANGUAGE_STANDARD = "gnu++0x";
				CLANG_CXX_LIBRARY = "libc++";
				CLANG_ENABLE_MODULES = YES;
				CLANG_ENABLE_OBJC_ARC = YES;
				CLANG_WARN_BLOCK_CAPTURE_AUTORELEASING = YES;
				CLANG_WARN_BOOL_CONVERSION = YES;
				CLANG_WARN_COMMA = YES;
				CLANG_WARN_CONSTANT_CONVERSION = YES;
				CLANG_WARN_DIRECT_OBJC_ISA_USAGE = YES_ERROR;
				CLANG_WARN_DOCUMENTATION_COMMENTS = YES;
				CLANG_WARN_EMPTY_BODY = YES;
				CLANG_WARN_ENUM_CONVERSION = YES;
				CLANG_WARN_INFINITE_RECURSION = YES;
				CLANG_WARN_INT_CONVERSION = YES;
				CLANG_WARN_NON_LITERAL_NULL_CONVERSION = YES;
				CLANG_WARN_OBJC_LITERAL_CONVERSION = YES;
				CLANG_WARN_OBJC_ROOT_CLASS = YES_ERROR;
				CLANG_WARN_RANGE_LOOP_ANALYSIS = YES;
				CLANG_WARN_STRICT_PROTOTYPES = YES;
				CLANG_WARN_SUSPICIOUS_MOVE = YES;
				CLANG_WARN_UNREACHABLE_CODE = YES;
				CLANG_WARN__DUPLICATE_METHOD_MATCH = YES;
				CODE_SIGN_IDENTITY = "iPhone Developer";
				"CODE_SIGN_IDENTITY[sdk=iphoneos*]" = "iPhone Developer";
				COPY_PHASE_STRIP = NO;
				DEBUG_INFORMATION_FORMAT = dwarf;
				DEVELOPMENT_TEAM = 28L4SXWJY7;
				ENABLE_STRICT_OBJC_MSGSEND = YES;
				ENABLE_TESTABILITY = YES;
				GCC_C_LANGUAGE_STANDARD = gnu99;
				GCC_DYNAMIC_NO_PIC = NO;
				GCC_NO_COMMON_BLOCKS = YES;
				GCC_OPTIMIZATION_LEVEL = 0;
				GCC_PREPROCESSOR_DEFINITIONS = (
					"DEBUG=1",
					"$(inherited)",
				);
				GCC_WARN_64_TO_32_BIT_CONVERSION = YES;
				GCC_WARN_ABOUT_RETURN_TYPE = YES_ERROR;
				GCC_WARN_UNDECLARED_SELECTOR = YES;
				GCC_WARN_UNINITIALIZED_AUTOS = YES_AGGRESSIVE;
				GCC_WARN_UNUSED_FUNCTION = YES;
				GCC_WARN_UNUSED_VARIABLE = YES;
				IPHONEOS_DEPLOYMENT_TARGET = 10.0;
				MTL_ENABLE_DEBUG_INFO = YES;
				ONLY_ACTIVE_ARCH = YES;
				PRODUCT_NAME = bierjohann;
				SDKROOT = iphoneos;
				SWIFT_ACTIVE_COMPILATION_CONDITIONS = DEBUG;
				SWIFT_OPTIMIZATION_LEVEL = "-Onone";
				TARGETED_DEVICE_FAMILY = "1,2";
			};
			name = Debug;
		};
		62A934171EF6E5430006934B /* Release */ = {
			isa = XCBuildConfiguration;
			buildSettings = {
				ALWAYS_SEARCH_USER_PATHS = NO;
				CLANG_ANALYZER_LOCALIZABILITY_NONLOCALIZED = YES;
				CLANG_ANALYZER_NONNULL = YES;
				CLANG_CXX_LANGUAGE_STANDARD = "gnu++0x";
				CLANG_CXX_LIBRARY = "libc++";
				CLANG_ENABLE_MODULES = YES;
				CLANG_ENABLE_OBJC_ARC = YES;
				CLANG_WARN_BLOCK_CAPTURE_AUTORELEASING = YES;
				CLANG_WARN_BOOL_CONVERSION = YES;
				CLANG_WARN_COMMA = YES;
				CLANG_WARN_CONSTANT_CONVERSION = YES;
				CLANG_WARN_DIRECT_OBJC_ISA_USAGE = YES_ERROR;
				CLANG_WARN_DOCUMENTATION_COMMENTS = YES;
				CLANG_WARN_EMPTY_BODY = YES;
				CLANG_WARN_ENUM_CONVERSION = YES;
				CLANG_WARN_INFINITE_RECURSION = YES;
				CLANG_WARN_INT_CONVERSION = YES;
				CLANG_WARN_NON_LITERAL_NULL_CONVERSION = YES;
				CLANG_WARN_OBJC_LITERAL_CONVERSION = YES;
				CLANG_WARN_OBJC_ROOT_CLASS = YES_ERROR;
				CLANG_WARN_RANGE_LOOP_ANALYSIS = YES;
				CLANG_WARN_STRICT_PROTOTYPES = YES;
				CLANG_WARN_SUSPICIOUS_MOVE = YES;
				CLANG_WARN_UNREACHABLE_CODE = YES;
				CLANG_WARN__DUPLICATE_METHOD_MATCH = YES;
				CODE_SIGN_IDENTITY = "iPhone Developer";
				"CODE_SIGN_IDENTITY[sdk=iphoneos*]" = "iPhone Developer";
				COPY_PHASE_STRIP = NO;
				DEBUG_INFORMATION_FORMAT = "dwarf-with-dsym";
				DEVELOPMENT_TEAM = 28L4SXWJY7;
				ENABLE_NS_ASSERTIONS = NO;
				ENABLE_STRICT_OBJC_MSGSEND = YES;
				GCC_C_LANGUAGE_STANDARD = gnu99;
				GCC_NO_COMMON_BLOCKS = YES;
				GCC_WARN_64_TO_32_BIT_CONVERSION = YES;
				GCC_WARN_ABOUT_RETURN_TYPE = YES_ERROR;
				GCC_WARN_UNDECLARED_SELECTOR = YES;
				GCC_WARN_UNINITIALIZED_AUTOS = YES_AGGRESSIVE;
				GCC_WARN_UNUSED_FUNCTION = YES;
				GCC_WARN_UNUSED_VARIABLE = YES;
				IPHONEOS_DEPLOYMENT_TARGET = 10.0;
				MTL_ENABLE_DEBUG_INFO = NO;
				PRODUCT_NAME = bierjohann;
				SDKROOT = iphoneos;
				SWIFT_OPTIMIZATION_LEVEL = "-Owholemodule";
				TARGETED_DEVICE_FAMILY = "1,2";
				VALIDATE_PRODUCT = YES;
			};
			name = Release;
		};
		62A934191EF6E5430006934B /* Debug */ = {
			isa = XCBuildConfiguration;
			baseConfigurationReference = A3D684A8716F0AFD5EA5A73F /* Pods-bierjohann.debug.xcconfig */;
			buildSettings = {
				ASSETCATALOG_COMPILER_APPICON_NAME = AppIcon;
				"CODE_SIGN_IDENTITY[sdk=iphoneos*]" = "iPhone Developer";
				CODE_SIGN_STYLE = Manual;
				DEVELOPMENT_TEAM = 28L4SXWJY7;
				FRAMEWORK_SEARCH_PATHS = (
					"$(inherited)",
					"\"$PODS_CONFIGURATION_BUILD_DIR/SwiftSoup\"",
				);
				INFOPLIST_FILE = "$(SRCROOT)/bierjohann/Info.plist";
				IPHONEOS_DEPLOYMENT_TARGET = 10.0;
				LD_RUNPATH_SEARCH_PATHS = "$(inherited) @executable_path/Frameworks";
				PRODUCT_BUNDLE_IDENTIFIER = com.kohler.bierjohann;
				PRODUCT_NAME = "$(TARGET_NAME)";
				PROVISIONING_PROFILE = "4d2e9c44-391e-4aaf-8a2e-664c4c37009e";
				PROVISIONING_PROFILE_SPECIFIER = "Bierjohann Dev";
				SWIFT_ACTIVE_COMPILATION_CONDITIONS = DEBUG;
				SWIFT_SWIFT3_OBJC_INFERENCE = Off;
				SWIFT_VERSION = 4.0;
				TARGETED_DEVICE_FAMILY = 1;
			};
			name = Debug;
		};
		62A9341A1EF6E5430006934B /* Release */ = {
			isa = XCBuildConfiguration;
			baseConfigurationReference = 7C632BD6256FAA1A911DF55D /* Pods-bierjohann.release.xcconfig */;
			buildSettings = {
				ASSETCATALOG_COMPILER_APPICON_NAME = AppIcon;
				CODE_SIGN_IDENTITY = "iPhone Distribution";
				"CODE_SIGN_IDENTITY[sdk=iphoneos*]" = "iPhone Distribution";
				CODE_SIGN_STYLE = Manual;
				DEVELOPMENT_TEAM = 28L4SXWJY7;
				FRAMEWORK_SEARCH_PATHS = (
					"$(inherited)",
					"\"$PODS_CONFIGURATION_BUILD_DIR/SwiftSoup\"",
				);
				INFOPLIST_FILE = "$(SRCROOT)/bierjohann/Info.plist";
				IPHONEOS_DEPLOYMENT_TARGET = 10.0;
				LD_RUNPATH_SEARCH_PATHS = "$(inherited) @executable_path/Frameworks";
				PRODUCT_BUNDLE_IDENTIFIER = com.kohler.bierjohann;
				PRODUCT_NAME = "$(TARGET_NAME)";
				PROVISIONING_PROFILE = "b25bf632-2225-4f36-96c6-6ba849cbf8dc";
				PROVISIONING_PROFILE_SPECIFIER = "Bierjohann Distr";
				SWIFT_SWIFT3_OBJC_INFERENCE = Off;
				SWIFT_VERSION = 4.0;
				TARGETED_DEVICE_FAMILY = 1;
			};
			name = Release;
		};
		62A9341C1EF6E5430006934B /* Debug */ = {
			isa = XCBuildConfiguration;
			buildSettings = {
				ALWAYS_EMBED_SWIFT_STANDARD_LIBRARIES = YES;
				BUNDLE_LOADER = "$(TEST_HOST)";
				"CODE_SIGN_IDENTITY[sdk=iphoneos*]" = "iPhone Developer";
				CODE_SIGN_STYLE = Manual;
				DEVELOPMENT_TEAM = 28L4SXWJY7;
				INFOPLIST_FILE = bierjohannTests/Info.plist;
				LD_RUNPATH_SEARCH_PATHS = "$(inherited) @executable_path/Frameworks @loader_path/Frameworks";
				PRODUCT_BUNDLE_IDENTIFIER = com.kohler.bierjohannTests;
				PRODUCT_NAME = "$(TARGET_NAME)";
				PROVISIONING_PROFILE_SPECIFIER = "";
				SWIFT_SWIFT3_OBJC_INFERENCE = Off;
				SWIFT_VERSION = 4.0;
				TEST_HOST = "$(BUILT_PRODUCTS_DIR)/bierjohann.app/bierjohann";
			};
			name = Debug;
		};
		62A9341D1EF6E5430006934B /* Release */ = {
			isa = XCBuildConfiguration;
			buildSettings = {
				ALWAYS_EMBED_SWIFT_STANDARD_LIBRARIES = YES;
				BUNDLE_LOADER = "$(TEST_HOST)";
				"CODE_SIGN_IDENTITY[sdk=iphoneos*]" = "iPhone Distribution";
				CODE_SIGN_STYLE = Manual;
				DEVELOPMENT_TEAM = 28L4SXWJY7;
				INFOPLIST_FILE = bierjohannTests/Info.plist;
				LD_RUNPATH_SEARCH_PATHS = "$(inherited) @executable_path/Frameworks @loader_path/Frameworks";
				PRODUCT_BUNDLE_IDENTIFIER = com.kohler.bierjohannTests;
				PRODUCT_NAME = "$(TARGET_NAME)";
				PROVISIONING_PROFILE_SPECIFIER = "";
				SWIFT_SWIFT3_OBJC_INFERENCE = Off;
				SWIFT_VERSION = 4.0;
				TEST_HOST = "$(BUILT_PRODUCTS_DIR)/bierjohann.app/bierjohann";
			};
			name = Release;
		};
		62A9341F1EF6E5430006934B /* Debug */ = {
			isa = XCBuildConfiguration;
			buildSettings = {
				ALWAYS_EMBED_SWIFT_STANDARD_LIBRARIES = YES;
				"CODE_SIGN_IDENTITY[sdk=iphoneos*]" = "iPhone Developer";
				CODE_SIGN_STYLE = Automatic;
				DEVELOPMENT_TEAM = 28L4SXWJY7;
				INFOPLIST_FILE = bierjohannUITests/Info.plist;
				LD_RUNPATH_SEARCH_PATHS = "$(inherited) @executable_path/Frameworks @loader_path/Frameworks";
				PRODUCT_BUNDLE_IDENTIFIER = com.kohler.bierjohannUITests;
				PRODUCT_NAME = "$(TARGET_NAME)";
				PROVISIONING_PROFILE_SPECIFIER = "";
				SWIFT_SWIFT3_OBJC_INFERENCE = Off;
				SWIFT_VERSION = 4.0;
				TEST_TARGET_NAME = bierjohann;
			};
			name = Debug;
		};
		62A934201EF6E5430006934B /* Release */ = {
			isa = XCBuildConfiguration;
			buildSettings = {
				ALWAYS_EMBED_SWIFT_STANDARD_LIBRARIES = YES;
				"CODE_SIGN_IDENTITY[sdk=iphoneos*]" = "iPhone Developer";
				CODE_SIGN_STYLE = Automatic;
				DEVELOPMENT_TEAM = 28L4SXWJY7;
				INFOPLIST_FILE = bierjohannUITests/Info.plist;
				LD_RUNPATH_SEARCH_PATHS = "$(inherited) @executable_path/Frameworks @loader_path/Frameworks";
				PRODUCT_BUNDLE_IDENTIFIER = com.kohler.bierjohannUITests;
				PRODUCT_NAME = "$(TARGET_NAME)";
				PROVISIONING_PROFILE_SPECIFIER = "";
				SWIFT_SWIFT3_OBJC_INFERENCE = Off;
				SWIFT_VERSION = 4.0;
				TEST_TARGET_NAME = bierjohann;
			};
			name = Release;
		};
/* End XCBuildConfiguration section */

/* Begin XCConfigurationList section */
		62A933EB1EF6E5420006934B /* Build configuration list for PBXProject "bierjohann" */ = {
			isa = XCConfigurationList;
			buildConfigurations = (
				62A934161EF6E5430006934B /* Debug */,
				62A934171EF6E5430006934B /* Release */,
			);
			defaultConfigurationIsVisible = 0;
			defaultConfigurationName = Release;
		};
		62A934181EF6E5430006934B /* Build configuration list for PBXNativeTarget "bierjohann" */ = {
			isa = XCConfigurationList;
			buildConfigurations = (
				62A934191EF6E5430006934B /* Debug */,
				62A9341A1EF6E5430006934B /* Release */,
			);
			defaultConfigurationIsVisible = 0;
			defaultConfigurationName = Release;
		};
		62A9341B1EF6E5430006934B /* Build configuration list for PBXNativeTarget "bierjohannTests" */ = {
			isa = XCConfigurationList;
			buildConfigurations = (
				62A9341C1EF6E5430006934B /* Debug */,
				62A9341D1EF6E5430006934B /* Release */,
			);
			defaultConfigurationIsVisible = 0;
			defaultConfigurationName = Release;
		};
		62A9341E1EF6E5430006934B /* Build configuration list for PBXNativeTarget "bierjohannUITests" */ = {
			isa = XCConfigurationList;
			buildConfigurations = (
				62A9341F1EF6E5430006934B /* Debug */,
				62A934201EF6E5430006934B /* Release */,
			);
			defaultConfigurationIsVisible = 0;
			defaultConfigurationName = Release;
		};
/* End XCConfigurationList section */
	};
	rootObject = 62A933E81EF6E5420006934B /* Project object */;
}
